// !$*UTF8*$!
{
	archiveVersion = 1;
	classes = {
	};
	objectVersion = 56;
	objects = {

/* Begin PBXBuildFile section */
		A24BA3932C869A7D00266DFF /* SuperEasyLayout in Frameworks */ = {isa = PBXBuildFile; productRef = A24BA3922C869A7D00266DFF /* SuperEasyLayout */; };
		A24BA3962C869AAB00266DFF /* Eureka in Frameworks */ = {isa = PBXBuildFile; productRef = A24BA3952C869AAB00266DFF /* Eureka */; };
		A296C2E02C927B8D002D7CE5 /* WSRComponents in Frameworks */ = {isa = PBXBuildFile; productRef = A296C2DF2C927B8D002D7CE5 /* WSRComponents */; };
		A296C2E22C927B8D002D7CE5 /* WSRNetworking in Frameworks */ = {isa = PBXBuildFile; productRef = A296C2E12C927B8D002D7CE5 /* WSRNetworking */; };
		A296C2E42C927B8D002D7CE5 /* WSRUtils in Frameworks */ = {isa = PBXBuildFile; productRef = A296C2E32C927B8D002D7CE5 /* WSRUtils */; };
		A296C2E62C928475002D7CE5 /* UIFont+SNK.swift in Sources */ = {isa = PBXBuildFile; fileRef = A296C2E52C928475002D7CE5 /* UIFont+SNK.swift */; };
		A296C2E72C9284E6002D7CE5 /* UIFont+SNK.swift in Sources */ = {isa = PBXBuildFile; fileRef = A296C2E52C928475002D7CE5 /* UIFont+SNK.swift */; };
		A296C2E82C9284E7002D7CE5 /* UIFont+SNK.swift in Sources */ = {isa = PBXBuildFile; fileRef = A296C2E52C928475002D7CE5 /* UIFont+SNK.swift */; };
		A296C2EA2C928901002D7CE5 /* WSRComponents in Frameworks */ = {isa = PBXBuildFile; productRef = A296C2E92C928901002D7CE5 /* WSRComponents */; };
		A296C2EC2C928901002D7CE5 /* WSRNetworking in Frameworks */ = {isa = PBXBuildFile; productRef = A296C2EB2C928901002D7CE5 /* WSRNetworking */; };
		A296C2EE2C928901002D7CE5 /* WSRUtils in Frameworks */ = {isa = PBXBuildFile; productRef = A296C2ED2C928901002D7CE5 /* WSRUtils */; };
		A296C2F02C928912002D7CE5 /* WSRComponents in Frameworks */ = {isa = PBXBuildFile; productRef = A296C2EF2C928912002D7CE5 /* WSRComponents */; };
		A296C2F22C928912002D7CE5 /* WSRNetworking in Frameworks */ = {isa = PBXBuildFile; productRef = A296C2F12C928912002D7CE5 /* WSRNetworking */; };
		A296C2F42C928912002D7CE5 /* WSRUtils in Frameworks */ = {isa = PBXBuildFile; productRef = A296C2F32C928912002D7CE5 /* WSRUtils */; };
		A296C2F62C928EA3002D7CE5 /* WSRMedia in Frameworks */ = {isa = PBXBuildFile; productRef = A296C2F52C928EA3002D7CE5 /* WSRMedia */; };
		A296C2FA2C929727002D7CE5 /* WSRCommon in Frameworks */ = {isa = PBXBuildFile; productRef = A296C2F92C929727002D7CE5 /* WSRCommon */; };
		A296C2FC2C929727002D7CE5 /* WSRMedia in Frameworks */ = {isa = PBXBuildFile; productRef = A296C2FB2C929727002D7CE5 /* WSRMedia */; };
		A296C2FE2C92973D002D7CE5 /* WSRCommon in Frameworks */ = {isa = PBXBuildFile; productRef = A296C2FD2C92973D002D7CE5 /* WSRCommon */; };
		A296C3002C92975A002D7CE5 /* WSRCommon in Frameworks */ = {isa = PBXBuildFile; productRef = A296C2FF2C92975A002D7CE5 /* WSRCommon */; };
		A296C3022C92975A002D7CE5 /* WSRMedia in Frameworks */ = {isa = PBXBuildFile; productRef = A296C3012C92975A002D7CE5 /* WSRMedia */; };
		A296C3082C92B21B002D7CE5 /* WSRStorage in Frameworks */ = {isa = PBXBuildFile; productRef = A296C3072C92B21B002D7CE5 /* WSRStorage */; };
		A296C30A2C92B226002D7CE5 /* WSRStorage in Frameworks */ = {isa = PBXBuildFile; productRef = A296C3092C92B226002D7CE5 /* WSRStorage */; };
		A296C30C2C92B234002D7CE5 /* WSRStorage in Frameworks */ = {isa = PBXBuildFile; productRef = A296C30B2C92B234002D7CE5 /* WSRStorage */; };
		A75D946B2C4DFE3500C23768 /* AppDelegate.swift in Sources */ = {isa = PBXBuildFile; fileRef = A75D946A2C4DFE3500C23768 /* AppDelegate.swift */; };
		A75D946D2C4DFE3500C23768 /* SceneDelegate.swift in Sources */ = {isa = PBXBuildFile; fileRef = A75D946C2C4DFE3500C23768 /* SceneDelegate.swift */; };
		A75D94722C4DFE3500C23768 /* Base in Resources */ = {isa = PBXBuildFile; fileRef = A75D94712C4DFE3500C23768 /* Base */; };
		A75D94742C4DFE3500C23768 /* Assets.xcassets in Resources */ = {isa = PBXBuildFile; fileRef = A75D94732C4DFE3500C23768 /* Assets.xcassets */; };
		A75D94772C4DFE3500C23768 /* Base in Resources */ = {isa = PBXBuildFile; fileRef = A75D94762C4DFE3500C23768 /* Base */; };
		A75D94822C4DFE3600C23768 /* UISnakeGameTests.swift in Sources */ = {isa = PBXBuildFile; fileRef = A75D94812C4DFE3600C23768 /* UISnakeGameTests.swift */; };
		A75D948C2C4DFE3600C23768 /* UISnakeGameUITests.swift in Sources */ = {isa = PBXBuildFile; fileRef = A75D948B2C4DFE3600C23768 /* UISnakeGameUITests.swift */; };
		A75D948E2C4DFE3600C23768 /* UISnakeGameUITestsLaunchTests.swift in Sources */ = {isa = PBXBuildFile; fileRef = A75D948D2C4DFE3600C23768 /* UISnakeGameUITestsLaunchTests.swift */; };
		A75D94A82C4E488E00C23768 /* SNKHomeViewModel.swift in Sources */ = {isa = PBXBuildFile; fileRef = A75D94A72C4E488E00C23768 /* SNKHomeViewModel.swift */; };
		A75D94AA2C4E48FA00C23768 /* SNKViewController.swift in Sources */ = {isa = PBXBuildFile; fileRef = A75D94A92C4E48FA00C23768 /* SNKViewController.swift */; };
		A75D94AC2C4E494C00C23768 /* SNKHomeViewController.swift in Sources */ = {isa = PBXBuildFile; fileRef = A75D94AB2C4E494C00C23768 /* SNKHomeViewController.swift */; };
		A75D94AE2C4E4B0F00C23768 /* SNKHomeCoordinator.swift in Sources */ = {isa = PBXBuildFile; fileRef = A75D94AD2C4E4B0F00C23768 /* SNKHomeCoordinator.swift */; };
		A75D94B62C4F85EB00C23768 /* SNKButton.swift in Sources */ = {isa = PBXBuildFile; fileRef = A75D94B52C4F85EB00C23768 /* SNKButton.swift */; };
		A75D94B92C4F868800C23768 /* SNKStyles.swift in Sources */ = {isa = PBXBuildFile; fileRef = A75D94B82C4F868800C23768 /* SNKStyles.swift */; };
		A75D94C62C4FACF700C23768 /* default-game-config.json in Resources */ = {isa = PBXBuildFile; fileRef = A75D94C52C4FACF700C23768 /* default-game-config.json */; };
		A75D94CF2C4FD12300C23768 /* SNKSettingsViewController.swift in Sources */ = {isa = PBXBuildFile; fileRef = A75D94CE2C4FD12300C23768 /* SNKSettingsViewController.swift */; };
		A75D94D12C4FD13D00C23768 /* SNKLeaderboardViewController.swift in Sources */ = {isa = PBXBuildFile; fileRef = A75D94D02C4FD13D00C23768 /* SNKLeaderboardViewController.swift */; };
		A75D94D32C4FD14F00C23768 /* SNKAboutViewController.swift in Sources */ = {isa = PBXBuildFile; fileRef = A75D94D22C4FD14F00C23768 /* SNKAboutViewController.swift */; };
		A75D94D52C4FD85100C23768 /* SNKLeaderboardViewModel.swift in Sources */ = {isa = PBXBuildFile; fileRef = A75D94D42C4FD85100C23768 /* SNKLeaderboardViewModel.swift */; };
		A75D94D72C4FDD6700C23768 /* SNKCollectionViewCell.swift in Sources */ = {isa = PBXBuildFile; fileRef = A75D94D62C4FDD6700C23768 /* SNKCollectionViewCell.swift */; };
		A75D94DA2C4FDE7000C23768 /* SNKLeaderboardCollectionViewCell.swift in Sources */ = {isa = PBXBuildFile; fileRef = A75D94D92C4FDE7000C23768 /* SNKLeaderboardCollectionViewCell.swift */; };
		A75D94DC2C4FDFEA00C23768 /* UIView+SNK.swift in Sources */ = {isa = PBXBuildFile; fileRef = A75D94DB2C4FDFEA00C23768 /* UIView+SNK.swift */; };
		A75D94E72C507D9200C23768 /* SNKSnakeGameViewController.swift in Sources */ = {isa = PBXBuildFile; fileRef = A75D94E62C507D9200C23768 /* SNKSnakeGameViewController.swift */; };
		A75D94E92C507DA800C23768 /* SNKSnakeGameViewModel.swift in Sources */ = {isa = PBXBuildFile; fileRef = A75D94E82C507DA800C23768 /* SNKSnakeGameViewModel.swift */; };
		A75D94ED2C509F8F00C23768 /* SNKGrid.swift in Sources */ = {isa = PBXBuildFile; fileRef = A75D94EC2C509F8F00C23768 /* SNKGrid.swift */; };
		A75D94EF2C50A2C300C23768 /* SNKSnakeGame.swift in Sources */ = {isa = PBXBuildFile; fileRef = A75D94EE2C50A2C300C23768 /* SNKSnakeGame.swift */; };
		A75D94F22C50A42500C23768 /* SNKSnake.swift in Sources */ = {isa = PBXBuildFile; fileRef = A75D94F12C50A42500C23768 /* SNKSnake.swift */; };
		A75D94F42C50D09200C23768 /* SNKGridView.swift in Sources */ = {isa = PBXBuildFile; fileRef = A75D94F32C50D09200C23768 /* SNKGridView.swift */; };
		A75D94F62C512C0200C23768 /* SNKTileView.swift in Sources */ = {isa = PBXBuildFile; fileRef = A75D94F52C512C0200C23768 /* SNKTileView.swift */; };
		A75D94F82C51D6CD00C23768 /* SNKConstants.swift in Sources */ = {isa = PBXBuildFile; fileRef = A75D94F72C51D6CD00C23768 /* SNKConstants.swift */; };
		A75D94FC2C54A77700C23768 /* SNKSettingsViewModel.swift in Sources */ = {isa = PBXBuildFile; fileRef = A75D94FB2C54A77700C23768 /* SNKSettingsViewModel.swift */; };
		A75D95032C54C6E100C23768 /* WSRSoundPlayer+SNK.swift in Sources */ = {isa = PBXBuildFile; fileRef = A75D95022C54C6E100C23768 /* WSRSoundPlayer+SNK.swift */; };
		A75D95092C54C99500C23768 /* move.mp3 in Resources */ = {isa = PBXBuildFile; fileRef = A75D95042C54C99500C23768 /* move.mp3 */; };
		A75D950A2C54C99500C23768 /* audienceApplauding.mp3 in Resources */ = {isa = PBXBuildFile; fileRef = A75D95052C54C99500C23768 /* audienceApplauding.mp3 */; };
		A75D950B2C54C99500C23768 /* collectCoin.wav in Resources */ = {isa = PBXBuildFile; fileRef = A75D95062C54C99500C23768 /* collectCoin.wav */; };
		A75D950D2C54C99500C23768 /* levelUp.mp3 in Resources */ = {isa = PBXBuildFile; fileRef = A75D95082C54C99500C23768 /* levelUp.mp3 */; };
		A75D95122C56279A00C23768 /* SNKGameError.swift in Sources */ = {isa = PBXBuildFile; fileRef = A75D95112C56279A00C23768 /* SNKGameError.swift */; };
		A75D95162C57210D00C23768 /* SNKTimerProgressBar.swift in Sources */ = {isa = PBXBuildFile; fileRef = A75D95152C57210C00C23768 /* SNKTimerProgressBar.swift */; };
		A75D951E2C57818600C23768 /* SNKGameConfiguration.swift in Sources */ = {isa = PBXBuildFile; fileRef = A75D951D2C57818600C23768 /* SNKGameConfiguration.swift */; };
		A75D95202C5864B000C23768 /* SNKCasualGameplay.swift in Sources */ = {isa = PBXBuildFile; fileRef = A75D951F2C5864B000C23768 /* SNKCasualGameplay.swift */; };
		A75D95222C5864E200C23768 /* SNKMapBasedGameplay.swift in Sources */ = {isa = PBXBuildFile; fileRef = A75D95212C5864E200C23768 /* SNKMapBasedGameplay.swift */; };
		A75D95252C58654400C23768 /* SNKGameplayProtocol.swift in Sources */ = {isa = PBXBuildFile; fileRef = A75D95242C58654400C23768 /* SNKGameplayProtocol.swift */; };
		A75D95282C59C33100C23768 /* game-over-arcade.mp3 in Resources */ = {isa = PBXBuildFile; fileRef = A75D95272C59C33100C23768 /* game-over-arcade.mp3 */; };
		A75D952A2C59CBC600C23768 /* advertising-logo.mp3 in Resources */ = {isa = PBXBuildFile; fileRef = A75D95292C59CBC600C23768 /* advertising-logo.mp3 */; };
		A75D952C2C59CE2900C23768 /* typical-trap-loop.mp3 in Resources */ = {isa = PBXBuildFile; fileRef = A75D952B2C59CE2900C23768 /* typical-trap-loop.mp3 */; };
		A75D95332C5A66FE00C23768 /* SNKButton.swift in Sources */ = {isa = PBXBuildFile; fileRef = A75D94B52C4F85EB00C23768 /* SNKButton.swift */; };
		A75D95342C5A66FE00C23768 /* WSRSoundPlayer+SNK.swift in Sources */ = {isa = PBXBuildFile; fileRef = A75D95022C54C6E100C23768 /* WSRSoundPlayer+SNK.swift */; };
		A75D95352C5A66FE00C23768 /* SNKCollectionViewCell.swift in Sources */ = {isa = PBXBuildFile; fileRef = A75D94D62C4FDD6700C23768 /* SNKCollectionViewCell.swift */; };
		A75D95362C5A66FE00C23768 /* SNKSnake.swift in Sources */ = {isa = PBXBuildFile; fileRef = A75D94F12C50A42500C23768 /* SNKSnake.swift */; };
		A75D95372C5A66FE00C23768 /* SNKAboutViewController.swift in Sources */ = {isa = PBXBuildFile; fileRef = A75D94D22C4FD14F00C23768 /* SNKAboutViewController.swift */; };
		A75D95382C5A66FE00C23768 /* SNKHomeViewModel.swift in Sources */ = {isa = PBXBuildFile; fileRef = A75D94A72C4E488E00C23768 /* SNKHomeViewModel.swift */; };
		A75D953A2C5A66FE00C23768 /* SNKTileView.swift in Sources */ = {isa = PBXBuildFile; fileRef = A75D94F52C512C0200C23768 /* SNKTileView.swift */; };
		A75D953B2C5A66FE00C23768 /* SNKLeaderboardViewController.swift in Sources */ = {isa = PBXBuildFile; fileRef = A75D94D02C4FD13D00C23768 /* SNKLeaderboardViewController.swift */; };
		A75D953C2C5A66FE00C23768 /* SNKLeaderboardCollectionViewCell.swift in Sources */ = {isa = PBXBuildFile; fileRef = A75D94D92C4FDE7000C23768 /* SNKLeaderboardCollectionViewCell.swift */; };
		A75D95402C5A66FE00C23768 /* SNKMapBasedGameplay.swift in Sources */ = {isa = PBXBuildFile; fileRef = A75D95212C5864E200C23768 /* SNKMapBasedGameplay.swift */; };
		A75D95412C5A66FE00C23768 /* SNKSnakeGameViewController.swift in Sources */ = {isa = PBXBuildFile; fileRef = A75D94E62C507D9200C23768 /* SNKSnakeGameViewController.swift */; };
		A75D95422C5A66FE00C23768 /* SNKCasualGameplay.swift in Sources */ = {isa = PBXBuildFile; fileRef = A75D951F2C5864B000C23768 /* SNKCasualGameplay.swift */; };
		A75D95432C5A66FE00C23768 /* SNKGrid.swift in Sources */ = {isa = PBXBuildFile; fileRef = A75D94EC2C509F8F00C23768 /* SNKGrid.swift */; };
		A75D95442C5A66FE00C23768 /* SNKSnakeGameViewModel.swift in Sources */ = {isa = PBXBuildFile; fileRef = A75D94E82C507DA800C23768 /* SNKSnakeGameViewModel.swift */; };
		A75D95482C5A66FE00C23768 /* SNKHomeCoordinator.swift in Sources */ = {isa = PBXBuildFile; fileRef = A75D94AD2C4E4B0F00C23768 /* SNKHomeCoordinator.swift */; };
		A75D954A2C5A66FE00C23768 /* SNKHomeViewController.swift in Sources */ = {isa = PBXBuildFile; fileRef = A75D94AB2C4E494C00C23768 /* SNKHomeViewController.swift */; };
		A75D954B2C5A66FE00C23768 /* SNKViewController.swift in Sources */ = {isa = PBXBuildFile; fileRef = A75D94A92C4E48FA00C23768 /* SNKViewController.swift */; };
		A75D954E2C5A66FE00C23768 /* SNKTimerProgressBar.swift in Sources */ = {isa = PBXBuildFile; fileRef = A75D95152C57210C00C23768 /* SNKTimerProgressBar.swift */; };
		A75D954F2C5A66FE00C23768 /* SNKLeaderboardViewModel.swift in Sources */ = {isa = PBXBuildFile; fileRef = A75D94D42C4FD85100C23768 /* SNKLeaderboardViewModel.swift */; };
		A75D95502C5A66FE00C23768 /* SNKGameError.swift in Sources */ = {isa = PBXBuildFile; fileRef = A75D95112C56279A00C23768 /* SNKGameError.swift */; };
		A75D95542C5A66FE00C23768 /* AppDelegate.swift in Sources */ = {isa = PBXBuildFile; fileRef = A75D946A2C4DFE3500C23768 /* AppDelegate.swift */; };
		A75D95552C5A66FE00C23768 /* UIView+SNK.swift in Sources */ = {isa = PBXBuildFile; fileRef = A75D94DB2C4FDFEA00C23768 /* UIView+SNK.swift */; };
		A75D95582C5A66FE00C23768 /* SNKGridView.swift in Sources */ = {isa = PBXBuildFile; fileRef = A75D94F32C50D09200C23768 /* SNKGridView.swift */; };
		A75D95592C5A66FE00C23768 /* SNKSnakeGame.swift in Sources */ = {isa = PBXBuildFile; fileRef = A75D94EE2C50A2C300C23768 /* SNKSnakeGame.swift */; };
		A75D955A2C5A66FE00C23768 /* SNKGameConfiguration.swift in Sources */ = {isa = PBXBuildFile; fileRef = A75D951D2C57818600C23768 /* SNKGameConfiguration.swift */; };
		A75D955C2C5A66FE00C23768 /* SNKGameplayProtocol.swift in Sources */ = {isa = PBXBuildFile; fileRef = A75D95242C58654400C23768 /* SNKGameplayProtocol.swift */; };
		A75D955E2C5A66FE00C23768 /* SNKSettingsViewModel.swift in Sources */ = {isa = PBXBuildFile; fileRef = A75D94FB2C54A77700C23768 /* SNKSettingsViewModel.swift */; };
		A75D955F2C5A66FE00C23768 /* SNKStyles.swift in Sources */ = {isa = PBXBuildFile; fileRef = A75D94B82C4F868800C23768 /* SNKStyles.swift */; };
		A75D95602C5A66FE00C23768 /* SNKConstants.swift in Sources */ = {isa = PBXBuildFile; fileRef = A75D94F72C51D6CD00C23768 /* SNKConstants.swift */; };
		A75D95612C5A66FE00C23768 /* SceneDelegate.swift in Sources */ = {isa = PBXBuildFile; fileRef = A75D946C2C4DFE3500C23768 /* SceneDelegate.swift */; };
		A75D95622C5A66FE00C23768 /* SNKSettingsViewController.swift in Sources */ = {isa = PBXBuildFile; fileRef = A75D94CE2C4FD12300C23768 /* SNKSettingsViewController.swift */; };
		A75D95652C5A66FE00C23768 /* SuperEasyLayout in Frameworks */ = {isa = PBXBuildFile; productRef = A75D952E2C5A66FE00C23768 /* SuperEasyLayout */; };
		A75D95662C5A66FE00C23768 /* Eureka in Frameworks */ = {isa = PBXBuildFile; productRef = A75D95302C5A66FE00C23768 /* Eureka */; };
		A75D95682C5A66FE00C23768 /* Assets.xcassets in Resources */ = {isa = PBXBuildFile; fileRef = A75D94732C4DFE3500C23768 /* Assets.xcassets */; };
		A75D95692C5A66FE00C23768 /* audienceApplauding.mp3 in Resources */ = {isa = PBXBuildFile; fileRef = A75D95052C54C99500C23768 /* audienceApplauding.mp3 */; };
		A75D956A2C5A66FE00C23768 /* move.mp3 in Resources */ = {isa = PBXBuildFile; fileRef = A75D95042C54C99500C23768 /* move.mp3 */; };
		A75D956B2C5A66FE00C23768 /* typical-trap-loop.mp3 in Resources */ = {isa = PBXBuildFile; fileRef = A75D952B2C59CE2900C23768 /* typical-trap-loop.mp3 */; };
		A75D956C2C5A66FE00C23768 /* levelUp.mp3 in Resources */ = {isa = PBXBuildFile; fileRef = A75D95082C54C99500C23768 /* levelUp.mp3 */; };
		A75D956D2C5A66FE00C23768 /* advertising-logo.mp3 in Resources */ = {isa = PBXBuildFile; fileRef = A75D95292C59CBC600C23768 /* advertising-logo.mp3 */; };
		A75D956E2C5A66FE00C23768 /* Base in Resources */ = {isa = PBXBuildFile; fileRef = A75D94762C4DFE3500C23768 /* Base */; };
		A75D956F2C5A66FE00C23768 /* game-over-arcade.mp3 in Resources */ = {isa = PBXBuildFile; fileRef = A75D95272C59C33100C23768 /* game-over-arcade.mp3 */; };
		A75D95702C5A66FE00C23768 /* collectCoin.wav in Resources */ = {isa = PBXBuildFile; fileRef = A75D95062C54C99500C23768 /* collectCoin.wav */; };
		A75D95722C5A66FE00C23768 /* Base in Resources */ = {isa = PBXBuildFile; fileRef = A75D94712C4DFE3500C23768 /* Base */; };
		A75D959B2C5A82A300C23768 /* default-game-config-dev.json in Resources */ = {isa = PBXBuildFile; fileRef = A75D95992C5A812C00C23768 /* default-game-config-dev.json */; };
		A75D95A02C5BA72700C23768 /* SNKUserGameProgress.swift in Sources */ = {isa = PBXBuildFile; fileRef = A75D959F2C5BA72700C23768 /* SNKUserGameProgress.swift */; };
		A75D95A12C5BC6E400C23768 /* SNKUserGameProgress.swift in Sources */ = {isa = PBXBuildFile; fileRef = A75D959F2C5BA72700C23768 /* SNKUserGameProgress.swift */; };
		A75D95A82C5C580500C23768 /* SNKButton.swift in Sources */ = {isa = PBXBuildFile; fileRef = A75D94B52C4F85EB00C23768 /* SNKButton.swift */; };
		A75D95A92C5C580500C23768 /* WSRSoundPlayer+SNK.swift in Sources */ = {isa = PBXBuildFile; fileRef = A75D95022C54C6E100C23768 /* WSRSoundPlayer+SNK.swift */; };
		A75D95AA2C5C580500C23768 /* SNKCollectionViewCell.swift in Sources */ = {isa = PBXBuildFile; fileRef = A75D94D62C4FDD6700C23768 /* SNKCollectionViewCell.swift */; };
		A75D95AB2C5C580500C23768 /* SNKSnake.swift in Sources */ = {isa = PBXBuildFile; fileRef = A75D94F12C50A42500C23768 /* SNKSnake.swift */; };
		A75D95AC2C5C580500C23768 /* SNKAboutViewController.swift in Sources */ = {isa = PBXBuildFile; fileRef = A75D94D22C4FD14F00C23768 /* SNKAboutViewController.swift */; };
		A75D95AD2C5C580500C23768 /* SNKHomeViewModel.swift in Sources */ = {isa = PBXBuildFile; fileRef = A75D94A72C4E488E00C23768 /* SNKHomeViewModel.swift */; };
		A75D95AF2C5C580500C23768 /* SNKTileView.swift in Sources */ = {isa = PBXBuildFile; fileRef = A75D94F52C512C0200C23768 /* SNKTileView.swift */; };
		A75D95B02C5C580500C23768 /* SNKLeaderboardViewController.swift in Sources */ = {isa = PBXBuildFile; fileRef = A75D94D02C4FD13D00C23768 /* SNKLeaderboardViewController.swift */; };
		A75D95B12C5C580500C23768 /* SNKLeaderboardCollectionViewCell.swift in Sources */ = {isa = PBXBuildFile; fileRef = A75D94D92C4FDE7000C23768 /* SNKLeaderboardCollectionViewCell.swift */; };
		A75D95B52C5C580500C23768 /* SNKMapBasedGameplay.swift in Sources */ = {isa = PBXBuildFile; fileRef = A75D95212C5864E200C23768 /* SNKMapBasedGameplay.swift */; };
		A75D95B62C5C580500C23768 /* SNKSnakeGameViewController.swift in Sources */ = {isa = PBXBuildFile; fileRef = A75D94E62C507D9200C23768 /* SNKSnakeGameViewController.swift */; };
		A75D95B72C5C580500C23768 /* SNKCasualGameplay.swift in Sources */ = {isa = PBXBuildFile; fileRef = A75D951F2C5864B000C23768 /* SNKCasualGameplay.swift */; };
		A75D95B82C5C580500C23768 /* SNKGrid.swift in Sources */ = {isa = PBXBuildFile; fileRef = A75D94EC2C509F8F00C23768 /* SNKGrid.swift */; };
		A75D95B92C5C580500C23768 /* SNKSnakeGameViewModel.swift in Sources */ = {isa = PBXBuildFile; fileRef = A75D94E82C507DA800C23768 /* SNKSnakeGameViewModel.swift */; };
		A75D95BD2C5C580500C23768 /* SNKHomeCoordinator.swift in Sources */ = {isa = PBXBuildFile; fileRef = A75D94AD2C4E4B0F00C23768 /* SNKHomeCoordinator.swift */; };
		A75D95BE2C5C580500C23768 /* SNKUserGameProgress.swift in Sources */ = {isa = PBXBuildFile; fileRef = A75D959F2C5BA72700C23768 /* SNKUserGameProgress.swift */; };
		A75D95C02C5C580500C23768 /* SNKHomeViewController.swift in Sources */ = {isa = PBXBuildFile; fileRef = A75D94AB2C4E494C00C23768 /* SNKHomeViewController.swift */; };
		A75D95C12C5C580500C23768 /* SNKViewController.swift in Sources */ = {isa = PBXBuildFile; fileRef = A75D94A92C4E48FA00C23768 /* SNKViewController.swift */; };
		A75D95C42C5C580500C23768 /* SNKTimerProgressBar.swift in Sources */ = {isa = PBXBuildFile; fileRef = A75D95152C57210C00C23768 /* SNKTimerProgressBar.swift */; };
		A75D95C52C5C580500C23768 /* SNKLeaderboardViewModel.swift in Sources */ = {isa = PBXBuildFile; fileRef = A75D94D42C4FD85100C23768 /* SNKLeaderboardViewModel.swift */; };
		A75D95C62C5C580500C23768 /* SNKGameError.swift in Sources */ = {isa = PBXBuildFile; fileRef = A75D95112C56279A00C23768 /* SNKGameError.swift */; };
		A75D95CA2C5C580500C23768 /* AppDelegate.swift in Sources */ = {isa = PBXBuildFile; fileRef = A75D946A2C4DFE3500C23768 /* AppDelegate.swift */; };
		A75D95CB2C5C580500C23768 /* UIView+SNK.swift in Sources */ = {isa = PBXBuildFile; fileRef = A75D94DB2C4FDFEA00C23768 /* UIView+SNK.swift */; };
		A75D95CE2C5C580500C23768 /* SNKGridView.swift in Sources */ = {isa = PBXBuildFile; fileRef = A75D94F32C50D09200C23768 /* SNKGridView.swift */; };
		A75D95CF2C5C580500C23768 /* SNKSnakeGame.swift in Sources */ = {isa = PBXBuildFile; fileRef = A75D94EE2C50A2C300C23768 /* SNKSnakeGame.swift */; };
		A75D95D02C5C580500C23768 /* SNKGameConfiguration.swift in Sources */ = {isa = PBXBuildFile; fileRef = A75D951D2C57818600C23768 /* SNKGameConfiguration.swift */; };
		A75D95D22C5C580500C23768 /* SNKGameplayProtocol.swift in Sources */ = {isa = PBXBuildFile; fileRef = A75D95242C58654400C23768 /* SNKGameplayProtocol.swift */; };
		A75D95D52C5C580500C23768 /* SNKSettingsViewModel.swift in Sources */ = {isa = PBXBuildFile; fileRef = A75D94FB2C54A77700C23768 /* SNKSettingsViewModel.swift */; };
		A75D95D62C5C580500C23768 /* SNKStyles.swift in Sources */ = {isa = PBXBuildFile; fileRef = A75D94B82C4F868800C23768 /* SNKStyles.swift */; };
		A75D95D72C5C580500C23768 /* SNKConstants.swift in Sources */ = {isa = PBXBuildFile; fileRef = A75D94F72C51D6CD00C23768 /* SNKConstants.swift */; };
		A75D95D82C5C580500C23768 /* SceneDelegate.swift in Sources */ = {isa = PBXBuildFile; fileRef = A75D946C2C4DFE3500C23768 /* SceneDelegate.swift */; };
		A75D95D92C5C580500C23768 /* SNKSettingsViewController.swift in Sources */ = {isa = PBXBuildFile; fileRef = A75D94CE2C4FD12300C23768 /* SNKSettingsViewController.swift */; };
		A75D95DC2C5C580500C23768 /* SuperEasyLayout in Frameworks */ = {isa = PBXBuildFile; productRef = A75D95A32C5C580500C23768 /* SuperEasyLayout */; };
		A75D95DD2C5C580500C23768 /* Eureka in Frameworks */ = {isa = PBXBuildFile; productRef = A75D95A52C5C580500C23768 /* Eureka */; };
		A75D95DF2C5C580500C23768 /* Assets.xcassets in Resources */ = {isa = PBXBuildFile; fileRef = A75D94732C4DFE3500C23768 /* Assets.xcassets */; };
		A75D95E02C5C580500C23768 /* audienceApplauding.mp3 in Resources */ = {isa = PBXBuildFile; fileRef = A75D95052C54C99500C23768 /* audienceApplauding.mp3 */; };
		A75D95E12C5C580500C23768 /* move.mp3 in Resources */ = {isa = PBXBuildFile; fileRef = A75D95042C54C99500C23768 /* move.mp3 */; };
		A75D95E22C5C580500C23768 /* typical-trap-loop.mp3 in Resources */ = {isa = PBXBuildFile; fileRef = A75D952B2C59CE2900C23768 /* typical-trap-loop.mp3 */; };
		A75D95E32C5C580500C23768 /* levelUp.mp3 in Resources */ = {isa = PBXBuildFile; fileRef = A75D95082C54C99500C23768 /* levelUp.mp3 */; };
		A75D95E42C5C580500C23768 /* advertising-logo.mp3 in Resources */ = {isa = PBXBuildFile; fileRef = A75D95292C59CBC600C23768 /* advertising-logo.mp3 */; };
		A75D95E52C5C580500C23768 /* Base in Resources */ = {isa = PBXBuildFile; fileRef = A75D94762C4DFE3500C23768 /* Base */; };
		A75D95E62C5C580500C23768 /* game-over-arcade.mp3 in Resources */ = {isa = PBXBuildFile; fileRef = A75D95272C59C33100C23768 /* game-over-arcade.mp3 */; };
		A75D95E72C5C580500C23768 /* collectCoin.wav in Resources */ = {isa = PBXBuildFile; fileRef = A75D95062C54C99500C23768 /* collectCoin.wav */; };
		A75D95E82C5C580500C23768 /* default-game-config.json in Resources */ = {isa = PBXBuildFile; fileRef = A75D94C52C4FACF700C23768 /* default-game-config.json */; };
		A75D95E92C5C580500C23768 /* Base in Resources */ = {isa = PBXBuildFile; fileRef = A75D94712C4DFE3500C23768 /* Base */; };
		A75D95F02C5EEF5000C23768 /* SNKImageTileView.swift in Sources */ = {isa = PBXBuildFile; fileRef = A75D95EF2C5EEF5000C23768 /* SNKImageTileView.swift */; };
		A75D95F12C5EEF5000C23768 /* SNKImageTileView.swift in Sources */ = {isa = PBXBuildFile; fileRef = A75D95EF2C5EEF5000C23768 /* SNKImageTileView.swift */; };
		A75D95F22C5EEF5000C23768 /* SNKImageTileView.swift in Sources */ = {isa = PBXBuildFile; fileRef = A75D95EF2C5EEF5000C23768 /* SNKImageTileView.swift */; };
		A75D95F42C62F71400C23768 /* SNKAboutViewModel.swift in Sources */ = {isa = PBXBuildFile; fileRef = A75D95F32C62F71400C23768 /* SNKAboutViewModel.swift */; };
		A75D95F52C62FD9100C23768 /* SNKAboutViewModel.swift in Sources */ = {isa = PBXBuildFile; fileRef = A75D95F32C62F71400C23768 /* SNKAboutViewModel.swift */; };
		A75D95F62C62FD9200C23768 /* SNKAboutViewModel.swift in Sources */ = {isa = PBXBuildFile; fileRef = A75D95F32C62F71400C23768 /* SNKAboutViewModel.swift */; };
		A75D95F82C63042800C23768 /* about.html in Resources */ = {isa = PBXBuildFile; fileRef = A75D95F72C63042800C23768 /* about.html */; };
		A75D95F92C63042800C23768 /* about.html in Resources */ = {isa = PBXBuildFile; fileRef = A75D95F72C63042800C23768 /* about.html */; };
		A75D95FA2C63042800C23768 /* about.html in Resources */ = {isa = PBXBuildFile; fileRef = A75D95F72C63042800C23768 /* about.html */; };
/* End PBXBuildFile section */

/* Begin PBXContainerItemProxy section */
		A75D947E2C4DFE3600C23768 /* PBXContainerItemProxy */ = {
			isa = PBXContainerItemProxy;
			containerPortal = A75D945F2C4DFE3500C23768 /* Project object */;
			proxyType = 1;
			remoteGlobalIDString = A75D94662C4DFE3500C23768;
			remoteInfo = UISnakeGame;
		};
		A75D94882C4DFE3600C23768 /* PBXContainerItemProxy */ = {
			isa = PBXContainerItemProxy;
			containerPortal = A75D945F2C4DFE3500C23768 /* Project object */;
			proxyType = 1;
			remoteGlobalIDString = A75D94662C4DFE3500C23768;
			remoteInfo = UISnakeGame;
		};
/* End PBXContainerItemProxy section */

/* Begin PBXFileReference section */
		A296C2E52C928475002D7CE5 /* UIFont+SNK.swift */ = {isa = PBXFileReference; lastKnownFileType = sourcecode.swift; path = "UIFont+SNK.swift"; sourceTree = "<group>"; };
		A75D94672C4DFE3500C23768 /* UISnakeGame.app */ = {isa = PBXFileReference; explicitFileType = wrapper.application; includeInIndex = 0; path = UISnakeGame.app; sourceTree = BUILT_PRODUCTS_DIR; };
		A75D946A2C4DFE3500C23768 /* AppDelegate.swift */ = {isa = PBXFileReference; lastKnownFileType = sourcecode.swift; path = AppDelegate.swift; sourceTree = "<group>"; };
		A75D946C2C4DFE3500C23768 /* SceneDelegate.swift */ = {isa = PBXFileReference; lastKnownFileType = sourcecode.swift; path = SceneDelegate.swift; sourceTree = "<group>"; };
		A75D94712C4DFE3500C23768 /* Base */ = {isa = PBXFileReference; lastKnownFileType = file.storyboard; name = Base; path = Base.lproj/Main.storyboard; sourceTree = "<group>"; };
		A75D94732C4DFE3500C23768 /* Assets.xcassets */ = {isa = PBXFileReference; lastKnownFileType = folder.assetcatalog; path = Assets.xcassets; sourceTree = "<group>"; };
		A75D94762C4DFE3500C23768 /* Base */ = {isa = PBXFileReference; lastKnownFileType = file.storyboard; name = Base; path = Base.lproj/LaunchScreen.storyboard; sourceTree = "<group>"; };
		A75D94782C4DFE3500C23768 /* Info.plist */ = {isa = PBXFileReference; lastKnownFileType = text.plist.xml; path = Info.plist; sourceTree = "<group>"; };
		A75D947D2C4DFE3600C23768 /* UISnakeGameTests.xctest */ = {isa = PBXFileReference; explicitFileType = wrapper.cfbundle; includeInIndex = 0; path = UISnakeGameTests.xctest; sourceTree = BUILT_PRODUCTS_DIR; };
		A75D94812C4DFE3600C23768 /* UISnakeGameTests.swift */ = {isa = PBXFileReference; lastKnownFileType = sourcecode.swift; path = UISnakeGameTests.swift; sourceTree = "<group>"; };
		A75D94872C4DFE3600C23768 /* UISnakeGameUITests.xctest */ = {isa = PBXFileReference; explicitFileType = wrapper.cfbundle; includeInIndex = 0; path = UISnakeGameUITests.xctest; sourceTree = BUILT_PRODUCTS_DIR; };
		A75D948B2C4DFE3600C23768 /* UISnakeGameUITests.swift */ = {isa = PBXFileReference; lastKnownFileType = sourcecode.swift; path = UISnakeGameUITests.swift; sourceTree = "<group>"; };
		A75D948D2C4DFE3600C23768 /* UISnakeGameUITestsLaunchTests.swift */ = {isa = PBXFileReference; lastKnownFileType = sourcecode.swift; path = UISnakeGameUITestsLaunchTests.swift; sourceTree = "<group>"; };
		A75D94A72C4E488E00C23768 /* SNKHomeViewModel.swift */ = {isa = PBXFileReference; lastKnownFileType = sourcecode.swift; path = SNKHomeViewModel.swift; sourceTree = "<group>"; };
		A75D94A92C4E48FA00C23768 /* SNKViewController.swift */ = {isa = PBXFileReference; lastKnownFileType = sourcecode.swift; path = SNKViewController.swift; sourceTree = "<group>"; };
		A75D94AB2C4E494C00C23768 /* SNKHomeViewController.swift */ = {isa = PBXFileReference; lastKnownFileType = sourcecode.swift; path = SNKHomeViewController.swift; sourceTree = "<group>"; };
		A75D94AD2C4E4B0F00C23768 /* SNKHomeCoordinator.swift */ = {isa = PBXFileReference; lastKnownFileType = sourcecode.swift; path = SNKHomeCoordinator.swift; sourceTree = "<group>"; };
		A75D94B52C4F85EB00C23768 /* SNKButton.swift */ = {isa = PBXFileReference; lastKnownFileType = sourcecode.swift; path = SNKButton.swift; sourceTree = "<group>"; };
		A75D94B82C4F868800C23768 /* SNKStyles.swift */ = {isa = PBXFileReference; lastKnownFileType = sourcecode.swift; path = SNKStyles.swift; sourceTree = "<group>"; };
		A75D94C52C4FACF700C23768 /* default-game-config.json */ = {isa = PBXFileReference; fileEncoding = 4; lastKnownFileType = text.json; path = "default-game-config.json"; sourceTree = "<group>"; };
		A75D94CE2C4FD12300C23768 /* SNKSettingsViewController.swift */ = {isa = PBXFileReference; lastKnownFileType = sourcecode.swift; path = SNKSettingsViewController.swift; sourceTree = "<group>"; };
		A75D94D02C4FD13D00C23768 /* SNKLeaderboardViewController.swift */ = {isa = PBXFileReference; lastKnownFileType = sourcecode.swift; path = SNKLeaderboardViewController.swift; sourceTree = "<group>"; };
		A75D94D22C4FD14F00C23768 /* SNKAboutViewController.swift */ = {isa = PBXFileReference; lastKnownFileType = sourcecode.swift; path = SNKAboutViewController.swift; sourceTree = "<group>"; };
		A75D94D42C4FD85100C23768 /* SNKLeaderboardViewModel.swift */ = {isa = PBXFileReference; lastKnownFileType = sourcecode.swift; path = SNKLeaderboardViewModel.swift; sourceTree = "<group>"; };
		A75D94D62C4FDD6700C23768 /* SNKCollectionViewCell.swift */ = {isa = PBXFileReference; lastKnownFileType = sourcecode.swift; path = SNKCollectionViewCell.swift; sourceTree = "<group>"; };
		A75D94D92C4FDE7000C23768 /* SNKLeaderboardCollectionViewCell.swift */ = {isa = PBXFileReference; lastKnownFileType = sourcecode.swift; path = SNKLeaderboardCollectionViewCell.swift; sourceTree = "<group>"; };
		A75D94DB2C4FDFEA00C23768 /* UIView+SNK.swift */ = {isa = PBXFileReference; lastKnownFileType = sourcecode.swift; path = "UIView+SNK.swift"; sourceTree = "<group>"; };
		A75D94E62C507D9200C23768 /* SNKSnakeGameViewController.swift */ = {isa = PBXFileReference; lastKnownFileType = sourcecode.swift; path = SNKSnakeGameViewController.swift; sourceTree = "<group>"; };
		A75D94E82C507DA800C23768 /* SNKSnakeGameViewModel.swift */ = {isa = PBXFileReference; lastKnownFileType = sourcecode.swift; path = SNKSnakeGameViewModel.swift; sourceTree = "<group>"; };
		A75D94EC2C509F8F00C23768 /* SNKGrid.swift */ = {isa = PBXFileReference; lastKnownFileType = sourcecode.swift; path = SNKGrid.swift; sourceTree = "<group>"; };
		A75D94EE2C50A2C300C23768 /* SNKSnakeGame.swift */ = {isa = PBXFileReference; lastKnownFileType = sourcecode.swift; path = SNKSnakeGame.swift; sourceTree = "<group>"; };
		A75D94F12C50A42500C23768 /* SNKSnake.swift */ = {isa = PBXFileReference; lastKnownFileType = sourcecode.swift; path = SNKSnake.swift; sourceTree = "<group>"; };
		A75D94F32C50D09200C23768 /* SNKGridView.swift */ = {isa = PBXFileReference; lastKnownFileType = sourcecode.swift; path = SNKGridView.swift; sourceTree = "<group>"; };
		A75D94F52C512C0200C23768 /* SNKTileView.swift */ = {isa = PBXFileReference; lastKnownFileType = sourcecode.swift; path = SNKTileView.swift; sourceTree = "<group>"; };
		A75D94F72C51D6CD00C23768 /* SNKConstants.swift */ = {isa = PBXFileReference; lastKnownFileType = sourcecode.swift; path = SNKConstants.swift; sourceTree = "<group>"; };
		A75D94FB2C54A77700C23768 /* SNKSettingsViewModel.swift */ = {isa = PBXFileReference; lastKnownFileType = sourcecode.swift; path = SNKSettingsViewModel.swift; sourceTree = "<group>"; };
		A75D95022C54C6E100C23768 /* WSRSoundPlayer+SNK.swift */ = {isa = PBXFileReference; lastKnownFileType = sourcecode.swift; path = "WSRSoundPlayer+SNK.swift"; sourceTree = "<group>"; };
		A75D95042C54C99500C23768 /* move.mp3 */ = {isa = PBXFileReference; lastKnownFileType = audio.mp3; path = move.mp3; sourceTree = "<group>"; };
		A75D95052C54C99500C23768 /* audienceApplauding.mp3 */ = {isa = PBXFileReference; lastKnownFileType = audio.mp3; path = audienceApplauding.mp3; sourceTree = "<group>"; };
		A75D95062C54C99500C23768 /* collectCoin.wav */ = {isa = PBXFileReference; lastKnownFileType = audio.wav; path = collectCoin.wav; sourceTree = "<group>"; };
		A75D95082C54C99500C23768 /* levelUp.mp3 */ = {isa = PBXFileReference; lastKnownFileType = audio.mp3; path = levelUp.mp3; sourceTree = "<group>"; };
		A75D95112C56279A00C23768 /* SNKGameError.swift */ = {isa = PBXFileReference; lastKnownFileType = sourcecode.swift; path = SNKGameError.swift; sourceTree = "<group>"; };
		A75D95152C57210C00C23768 /* SNKTimerProgressBar.swift */ = {isa = PBXFileReference; lastKnownFileType = sourcecode.swift; path = SNKTimerProgressBar.swift; sourceTree = "<group>"; };
		A75D951D2C57818600C23768 /* SNKGameConfiguration.swift */ = {isa = PBXFileReference; lastKnownFileType = sourcecode.swift; path = SNKGameConfiguration.swift; sourceTree = "<group>"; };
		A75D951F2C5864B000C23768 /* SNKCasualGameplay.swift */ = {isa = PBXFileReference; lastKnownFileType = sourcecode.swift; path = SNKCasualGameplay.swift; sourceTree = "<group>"; };
		A75D95212C5864E200C23768 /* SNKMapBasedGameplay.swift */ = {isa = PBXFileReference; lastKnownFileType = sourcecode.swift; path = SNKMapBasedGameplay.swift; sourceTree = "<group>"; };
		A75D95242C58654400C23768 /* SNKGameplayProtocol.swift */ = {isa = PBXFileReference; lastKnownFileType = sourcecode.swift; path = SNKGameplayProtocol.swift; sourceTree = "<group>"; };
		A75D95272C59C33100C23768 /* game-over-arcade.mp3 */ = {isa = PBXFileReference; lastKnownFileType = audio.mp3; path = "game-over-arcade.mp3"; sourceTree = "<group>"; };
		A75D95292C59CBC600C23768 /* advertising-logo.mp3 */ = {isa = PBXFileReference; lastKnownFileType = audio.mp3; path = "advertising-logo.mp3"; sourceTree = "<group>"; };
		A75D952B2C59CE2900C23768 /* typical-trap-loop.mp3 */ = {isa = PBXFileReference; lastKnownFileType = audio.mp3; path = "typical-trap-loop.mp3"; sourceTree = "<group>"; };
		A75D95762C5A66FE00C23768 /* UISnakeGame_DEV.app */ = {isa = PBXFileReference; explicitFileType = wrapper.application; includeInIndex = 0; path = UISnakeGame_DEV.app; sourceTree = BUILT_PRODUCTS_DIR; };
		A75D95772C5A66FE00C23768 /* DEV-Info.plist */ = {isa = PBXFileReference; lastKnownFileType = text.plist.xml; name = "DEV-Info.plist"; path = "../DEV-Info.plist"; sourceTree = "<group>"; };
		A75D95992C5A812C00C23768 /* default-game-config-dev.json */ = {isa = PBXFileReference; fileEncoding = 4; lastKnownFileType = text.json; path = "default-game-config-dev.json"; sourceTree = "<group>"; };
		A75D959F2C5BA72700C23768 /* SNKUserGameProgress.swift */ = {isa = PBXFileReference; lastKnownFileType = sourcecode.swift; path = SNKUserGameProgress.swift; sourceTree = "<group>"; };
		A75D95ED2C5C580500C23768 /* UISnakeGame_TEST.app */ = {isa = PBXFileReference; explicitFileType = wrapper.application; includeInIndex = 0; path = UISnakeGame_TEST.app; sourceTree = BUILT_PRODUCTS_DIR; };
		A75D95EE2C5C580500C23768 /* TEST-Info.plist */ = {isa = PBXFileReference; lastKnownFileType = text.plist.xml; name = "TEST-Info.plist"; path = "../TEST-Info.plist"; sourceTree = "<group>"; };
		A75D95EF2C5EEF5000C23768 /* SNKImageTileView.swift */ = {isa = PBXFileReference; lastKnownFileType = sourcecode.swift; path = SNKImageTileView.swift; sourceTree = "<group>"; };
		A75D95F32C62F71400C23768 /* SNKAboutViewModel.swift */ = {isa = PBXFileReference; lastKnownFileType = sourcecode.swift; path = SNKAboutViewModel.swift; sourceTree = "<group>"; };
		A75D95F72C63042800C23768 /* about.html */ = {isa = PBXFileReference; lastKnownFileType = text.html; path = about.html; sourceTree = "<group>"; };
/* End PBXFileReference section */

/* Begin PBXFrameworksBuildPhase section */
		A75D94642C4DFE3500C23768 /* Frameworks */ = {
			isa = PBXFrameworksBuildPhase;
			buildActionMask = 2147483647;
			files = (
				A296C2FA2C929727002D7CE5 /* WSRCommon in Frameworks */,
				A296C2EA2C928901002D7CE5 /* WSRComponents in Frameworks */,
				A296C2EC2C928901002D7CE5 /* WSRNetworking in Frameworks */,
				A296C3082C92B21B002D7CE5 /* WSRStorage in Frameworks */,
				A296C2EE2C928901002D7CE5 /* WSRUtils in Frameworks */,
				A24BA3932C869A7D00266DFF /* SuperEasyLayout in Frameworks */,
				A296C2FC2C929727002D7CE5 /* WSRMedia in Frameworks */,
				A24BA3962C869AAB00266DFF /* Eureka in Frameworks */,
			);
			runOnlyForDeploymentPostprocessing = 0;
		};
		A75D947A2C4DFE3600C23768 /* Frameworks */ = {
			isa = PBXFrameworksBuildPhase;
			buildActionMask = 2147483647;
			files = (
			);
			runOnlyForDeploymentPostprocessing = 0;
		};
		A75D94842C4DFE3600C23768 /* Frameworks */ = {
			isa = PBXFrameworksBuildPhase;
			buildActionMask = 2147483647;
			files = (
			);
			runOnlyForDeploymentPostprocessing = 0;
		};
		A75D95642C5A66FE00C23768 /* Frameworks */ = {
			isa = PBXFrameworksBuildPhase;
			buildActionMask = 2147483647;
			files = (
				A296C2E02C927B8D002D7CE5 /* WSRComponents in Frameworks */,
				A296C2E22C927B8D002D7CE5 /* WSRNetworking in Frameworks */,
				A296C2F62C928EA3002D7CE5 /* WSRMedia in Frameworks */,
				A296C30A2C92B226002D7CE5 /* WSRStorage in Frameworks */,
				A296C2FE2C92973D002D7CE5 /* WSRCommon in Frameworks */,
				A296C2E42C927B8D002D7CE5 /* WSRUtils in Frameworks */,
				A75D95652C5A66FE00C23768 /* SuperEasyLayout in Frameworks */,
				A75D95662C5A66FE00C23768 /* Eureka in Frameworks */,
			);
			runOnlyForDeploymentPostprocessing = 0;
		};
		A75D95DB2C5C580500C23768 /* Frameworks */ = {
			isa = PBXFrameworksBuildPhase;
			buildActionMask = 2147483647;
			files = (
				A296C3002C92975A002D7CE5 /* WSRCommon in Frameworks */,
				A296C2F02C928912002D7CE5 /* WSRComponents in Frameworks */,
				A296C2F22C928912002D7CE5 /* WSRNetworking in Frameworks */,
				A296C30C2C92B234002D7CE5 /* WSRStorage in Frameworks */,
				A296C2F42C928912002D7CE5 /* WSRUtils in Frameworks */,
				A75D95DC2C5C580500C23768 /* SuperEasyLayout in Frameworks */,
				A296C3022C92975A002D7CE5 /* WSRMedia in Frameworks */,
				A75D95DD2C5C580500C23768 /* Eureka in Frameworks */,
			);
			runOnlyForDeploymentPostprocessing = 0;
		};
/* End PBXFrameworksBuildPhase section */

/* Begin PBXGroup section */
		A75D945E2C4DFE3500C23768 = {
			isa = PBXGroup;
			children = (
				A75D94692C4DFE3500C23768 /* UISnakeGame */,
				A75D94802C4DFE3600C23768 /* UISnakeGameTests */,
				A75D948A2C4DFE3600C23768 /* UISnakeGameUITests */,
				A75D94682C4DFE3500C23768 /* Products */,
			);
			sourceTree = "<group>";
		};
		A75D94682C4DFE3500C23768 /* Products */ = {
			isa = PBXGroup;
			children = (
				A75D94672C4DFE3500C23768 /* UISnakeGame.app */,
				A75D947D2C4DFE3600C23768 /* UISnakeGameTests.xctest */,
				A75D94872C4DFE3600C23768 /* UISnakeGameUITests.xctest */,
				A75D95762C5A66FE00C23768 /* UISnakeGame_DEV.app */,
				A75D95ED2C5C580500C23768 /* UISnakeGame_TEST.app */,
			);
			name = Products;
			sourceTree = "<group>";
		};
		A75D94692C4DFE3500C23768 /* UISnakeGame */ = {
			isa = PBXGroup;
			children = (
				A75D94FF2C54C11A00C23768 /* Resources */,
				A75D949A2C4E335600C23768 /* Source */,
				A75D946A2C4DFE3500C23768 /* AppDelegate.swift */,
				A75D946C2C4DFE3500C23768 /* SceneDelegate.swift */,
				A75D94702C4DFE3500C23768 /* Main.storyboard */,
				A75D94732C4DFE3500C23768 /* Assets.xcassets */,
				A75D94752C4DFE3500C23768 /* LaunchScreen.storyboard */,
				A75D94C52C4FACF700C23768 /* default-game-config.json */,
				A75D95992C5A812C00C23768 /* default-game-config-dev.json */,
				A75D94782C4DFE3500C23768 /* Info.plist */,
				A75D95772C5A66FE00C23768 /* DEV-Info.plist */,
				A75D95EE2C5C580500C23768 /* TEST-Info.plist */,
			);
			path = UISnakeGame;
			sourceTree = "<group>";
		};
		A75D94802C4DFE3600C23768 /* UISnakeGameTests */ = {
			isa = PBXGroup;
			children = (
				A75D94812C4DFE3600C23768 /* UISnakeGameTests.swift */,
			);
			path = UISnakeGameTests;
			sourceTree = "<group>";
		};
		A75D948A2C4DFE3600C23768 /* UISnakeGameUITests */ = {
			isa = PBXGroup;
			children = (
				A75D948B2C4DFE3600C23768 /* UISnakeGameUITests.swift */,
				A75D948D2C4DFE3600C23768 /* UISnakeGameUITestsLaunchTests.swift */,
			);
			path = UISnakeGameUITests;
			sourceTree = "<group>";
		};
		A75D949A2C4E335600C23768 /* Source */ = {
			isa = PBXGroup;
			children = (
				A75D94F72C51D6CD00C23768 /* SNKConstants.swift */,
				A75D94B82C4F868800C23768 /* SNKStyles.swift */,
				A75D95242C58654400C23768 /* SNKGameplayProtocol.swift */,
				A75D95102C56276800C23768 /* Errors */,
				A75D949F2C4E33C600C23768 /* Components */,
				A75D949B2C4E336300C23768 /* Extensions */,
				A75D94A02C4E33E000C23768 /* Home */,
				A75D94E52C507D4E00C23768 /* SnakeGame */,
				A75D94CC2C4FD0AE00C23768 /* Settings */,
				A75D94CD2C4FD0B300C23768 /* Leaderboard */,
				A75D94CB2C4FD0A300C23768 /* About */,
			);
			path = Source;
			sourceTree = "<group>";
		};
		A75D949B2C4E336300C23768 /* Extensions */ = {
			isa = PBXGroup;
			children = (
				A75D94DB2C4FDFEA00C23768 /* UIView+SNK.swift */,
				A75D95022C54C6E100C23768 /* WSRSoundPlayer+SNK.swift */,
				A296C2E52C928475002D7CE5 /* UIFont+SNK.swift */,
			);
			path = Extensions;
			sourceTree = "<group>";
		};
		A75D949F2C4E33C600C23768 /* Components */ = {
			isa = PBXGroup;
			children = (
				A75D94A92C4E48FA00C23768 /* SNKViewController.swift */,
				A75D94B52C4F85EB00C23768 /* SNKButton.swift */,
				A75D94D62C4FDD6700C23768 /* SNKCollectionViewCell.swift */,
			);
			path = Components;
			sourceTree = "<group>";
		};
		A75D94A02C4E33E000C23768 /* Home */ = {
			isa = PBXGroup;
			children = (
				A75D94AB2C4E494C00C23768 /* SNKHomeViewController.swift */,
				A75D94A72C4E488E00C23768 /* SNKHomeViewModel.swift */,
				A75D94AD2C4E4B0F00C23768 /* SNKHomeCoordinator.swift */,
				A75D951D2C57818600C23768 /* SNKGameConfiguration.swift */,
			);
			path = Home;
			sourceTree = "<group>";
		};
		A75D94CB2C4FD0A300C23768 /* About */ = {
			isa = PBXGroup;
			children = (
				A75D94D22C4FD14F00C23768 /* SNKAboutViewController.swift */,
				A75D95F32C62F71400C23768 /* SNKAboutViewModel.swift */,
			);
			path = About;
			sourceTree = "<group>";
		};
		A75D94CC2C4FD0AE00C23768 /* Settings */ = {
			isa = PBXGroup;
			children = (
				A75D94CE2C4FD12300C23768 /* SNKSettingsViewController.swift */,
				A75D94FB2C54A77700C23768 /* SNKSettingsViewModel.swift */,
			);
			path = Settings;
			sourceTree = "<group>";
		};
		A75D94CD2C4FD0B300C23768 /* Leaderboard */ = {
			isa = PBXGroup;
			children = (
				A75D94D02C4FD13D00C23768 /* SNKLeaderboardViewController.swift */,
				A75D94D42C4FD85100C23768 /* SNKLeaderboardViewModel.swift */,
				A75D94D82C4FDE2B00C23768 /* Views */,
			);
			path = Leaderboard;
			sourceTree = "<group>";
		};
		A75D94D82C4FDE2B00C23768 /* Views */ = {
			isa = PBXGroup;
			children = (
				A75D94D92C4FDE7000C23768 /* SNKLeaderboardCollectionViewCell.swift */,
			);
			path = Views;
			sourceTree = "<group>";
		};
		A75D94E52C507D4E00C23768 /* SnakeGame */ = {
			isa = PBXGroup;
			children = (
				A75D94E62C507D9200C23768 /* SNKSnakeGameViewController.swift */,
				A75D94E82C507DA800C23768 /* SNKSnakeGameViewModel.swift */,
				A75D94EC2C509F8F00C23768 /* SNKGrid.swift */,
				A75D94EE2C50A2C300C23768 /* SNKSnakeGame.swift */,
				A75D94F12C50A42500C23768 /* SNKSnake.swift */,
				A75D959F2C5BA72700C23768 /* SNKUserGameProgress.swift */,
				A75D95262C58793D00C23768 /* Gameplay */,
				A75D94F02C50A3B300C23768 /* Views */,
			);
			path = SnakeGame;
			sourceTree = "<group>";
		};
		A75D94F02C50A3B300C23768 /* Views */ = {
			isa = PBXGroup;
			children = (
				A75D94F32C50D09200C23768 /* SNKGridView.swift */,
				A75D94F52C512C0200C23768 /* SNKTileView.swift */,
				A75D95152C57210C00C23768 /* SNKTimerProgressBar.swift */,
				A75D95EF2C5EEF5000C23768 /* SNKImageTileView.swift */,
			);
			path = Views;
			sourceTree = "<group>";
		};
		A75D94FF2C54C11A00C23768 /* Resources */ = {
			isa = PBXGroup;
			children = (
				A75D952B2C59CE2900C23768 /* typical-trap-loop.mp3 */,
				A75D95292C59CBC600C23768 /* advertising-logo.mp3 */,
				A75D95272C59C33100C23768 /* game-over-arcade.mp3 */,
				A75D95052C54C99500C23768 /* audienceApplauding.mp3 */,
				A75D95062C54C99500C23768 /* collectCoin.wav */,
				A75D95082C54C99500C23768 /* levelUp.mp3 */,
				A75D95042C54C99500C23768 /* move.mp3 */,
				A75D95F72C63042800C23768 /* about.html */,
			);
			path = Resources;
			sourceTree = "<group>";
		};
		A75D95102C56276800C23768 /* Errors */ = {
			isa = PBXGroup;
			children = (
				A75D95112C56279A00C23768 /* SNKGameError.swift */,
			);
			path = Errors;
			sourceTree = "<group>";
		};
		A75D95262C58793D00C23768 /* Gameplay */ = {
			isa = PBXGroup;
			children = (
				A75D95212C5864E200C23768 /* SNKMapBasedGameplay.swift */,
				A75D951F2C5864B000C23768 /* SNKCasualGameplay.swift */,
			);
			path = Gameplay;
			sourceTree = "<group>";
		};
/* End PBXGroup section */

/* Begin PBXNativeTarget section */
		A75D94662C4DFE3500C23768 /* UISnakeGame */ = {
			isa = PBXNativeTarget;
			buildConfigurationList = A75D94912C4DFE3600C23768 /* Build configuration list for PBXNativeTarget "UISnakeGame" */;
			buildPhases = (
				A75D94632C4DFE3500C23768 /* Sources */,
				A75D94642C4DFE3500C23768 /* Frameworks */,
				A75D94652C4DFE3500C23768 /* Resources */,
			);
			buildRules = (
			);
			dependencies = (
			);
			name = UISnakeGame;
			packageProductDependencies = (
				A24BA3922C869A7D00266DFF /* SuperEasyLayout */,
				A24BA3952C869AAB00266DFF /* Eureka */,
				A296C2E92C928901002D7CE5 /* WSRComponents */,
				A296C2EB2C928901002D7CE5 /* WSRNetworking */,
				A296C2ED2C928901002D7CE5 /* WSRUtils */,
				A296C2F92C929727002D7CE5 /* WSRCommon */,
				A296C2FB2C929727002D7CE5 /* WSRMedia */,
				A296C3072C92B21B002D7CE5 /* WSRStorage */,
			);
			productName = UISnakeGame;
			productReference = A75D94672C4DFE3500C23768 /* UISnakeGame.app */;
			productType = "com.apple.product-type.application";
		};
		A75D947C2C4DFE3600C23768 /* UISnakeGameTests */ = {
			isa = PBXNativeTarget;
			buildConfigurationList = A75D94942C4DFE3600C23768 /* Build configuration list for PBXNativeTarget "UISnakeGameTests" */;
			buildPhases = (
				A75D94792C4DFE3600C23768 /* Sources */,
				A75D947A2C4DFE3600C23768 /* Frameworks */,
				A75D947B2C4DFE3600C23768 /* Resources */,
			);
			buildRules = (
			);
			dependencies = (
				A75D947F2C4DFE3600C23768 /* PBXTargetDependency */,
			);
			name = UISnakeGameTests;
			productName = UISnakeGameTests;
			productReference = A75D947D2C4DFE3600C23768 /* UISnakeGameTests.xctest */;
			productType = "com.apple.product-type.bundle.unit-test";
		};
		A75D94862C4DFE3600C23768 /* UISnakeGameUITests */ = {
			isa = PBXNativeTarget;
			buildConfigurationList = A75D94972C4DFE3600C23768 /* Build configuration list for PBXNativeTarget "UISnakeGameUITests" */;
			buildPhases = (
				A75D94832C4DFE3600C23768 /* Sources */,
				A75D94842C4DFE3600C23768 /* Frameworks */,
				A75D94852C4DFE3600C23768 /* Resources */,
			);
			buildRules = (
			);
			dependencies = (
				A75D94892C4DFE3600C23768 /* PBXTargetDependency */,
			);
			name = UISnakeGameUITests;
			productName = UISnakeGameUITests;
			productReference = A75D94872C4DFE3600C23768 /* UISnakeGameUITests.xctest */;
			productType = "com.apple.product-type.bundle.ui-testing";
		};
		A75D952D2C5A66FE00C23768 /* UISnakeGame_DEV */ = {
			isa = PBXNativeTarget;
			buildConfigurationList = A75D95732C5A66FE00C23768 /* Build configuration list for PBXNativeTarget "UISnakeGame_DEV" */;
			buildPhases = (
				A75D95322C5A66FE00C23768 /* Sources */,
				A75D95642C5A66FE00C23768 /* Frameworks */,
				A75D95672C5A66FE00C23768 /* Resources */,
			);
			buildRules = (
			);
			dependencies = (
			);
			name = UISnakeGame_DEV;
			packageProductDependencies = (
				A75D952E2C5A66FE00C23768 /* SuperEasyLayout */,
				A75D95302C5A66FE00C23768 /* Eureka */,
				A296C2DF2C927B8D002D7CE5 /* WSRComponents */,
				A296C2E12C927B8D002D7CE5 /* WSRNetworking */,
				A296C2E32C927B8D002D7CE5 /* WSRUtils */,
				A296C2F52C928EA3002D7CE5 /* WSRMedia */,
				A296C2FD2C92973D002D7CE5 /* WSRCommon */,
				A296C3092C92B226002D7CE5 /* WSRStorage */,
			);
			productName = UISnakeGame;
			productReference = A75D95762C5A66FE00C23768 /* UISnakeGame_DEV.app */;
			productType = "com.apple.product-type.application";
		};
		A75D95A22C5C580500C23768 /* UISnakeGame_TEST */ = {
			isa = PBXNativeTarget;
			buildConfigurationList = A75D95EA2C5C580500C23768 /* Build configuration list for PBXNativeTarget "UISnakeGame_TEST" */;
			buildPhases = (
				A75D95A72C5C580500C23768 /* Sources */,
				A75D95DB2C5C580500C23768 /* Frameworks */,
				A75D95DE2C5C580500C23768 /* Resources */,
			);
			buildRules = (
			);
			dependencies = (
			);
			name = UISnakeGame_TEST;
			packageProductDependencies = (
				A75D95A32C5C580500C23768 /* SuperEasyLayout */,
				A75D95A52C5C580500C23768 /* Eureka */,
				A296C2EF2C928912002D7CE5 /* WSRComponents */,
				A296C2F12C928912002D7CE5 /* WSRNetworking */,
				A296C2F32C928912002D7CE5 /* WSRUtils */,
				A296C2FF2C92975A002D7CE5 /* WSRCommon */,
				A296C3012C92975A002D7CE5 /* WSRMedia */,
				A296C30B2C92B234002D7CE5 /* WSRStorage */,
			);
			productName = UISnakeGame;
			productReference = A75D95ED2C5C580500C23768 /* UISnakeGame_TEST.app */;
			productType = "com.apple.product-type.application";
		};
/* End PBXNativeTarget section */

/* Begin PBXProject section */
		A75D945F2C4DFE3500C23768 /* Project object */ = {
			isa = PBXProject;
			attributes = {
				BuildIndependentTargetsInParallel = 1;
				CLASSPREFIX = SNK;
				LastSwiftUpdateCheck = 1540;
				LastUpgradeCheck = 1540;
				ORGANIZATIONNAME = Personal;
				TargetAttributes = {
					A75D94662C4DFE3500C23768 = {
						CreatedOnToolsVersion = 15.4;
					};
					A75D947C2C4DFE3600C23768 = {
						CreatedOnToolsVersion = 15.4;
						TestTargetID = A75D94662C4DFE3500C23768;
					};
					A75D94862C4DFE3600C23768 = {
						CreatedOnToolsVersion = 15.4;
						TestTargetID = A75D94662C4DFE3500C23768;
					};
				};
			};
			buildConfigurationList = A75D94622C4DFE3500C23768 /* Build configuration list for PBXProject "UISnakeGame" */;
			compatibilityVersion = "Xcode 14.0";
			developmentRegion = en;
			hasScannedForEncodings = 0;
			knownRegions = (
				en,
				Base,
			);
			mainGroup = A75D945E2C4DFE3500C23768;
			packageReferences = (
				A24BA3912C869A7D00266DFF /* XCRemoteSwiftPackageReference "SuperEasyLayout" */,
				A24BA3942C869AAA00266DFF /* XCRemoteSwiftPackageReference "Eureka" */,
				A296C2DE2C927B8D002D7CE5 /* XCRemoteSwiftPackageReference "wsr" */,
			);
			productRefGroup = A75D94682C4DFE3500C23768 /* Products */;
			projectDirPath = "";
			projectRoot = "";
			targets = (
				A75D94662C4DFE3500C23768 /* UISnakeGame */,
				A75D952D2C5A66FE00C23768 /* UISnakeGame_DEV */,
				A75D95A22C5C580500C23768 /* UISnakeGame_TEST */,
				A75D947C2C4DFE3600C23768 /* UISnakeGameTests */,
				A75D94862C4DFE3600C23768 /* UISnakeGameUITests */,
			);
		};
/* End PBXProject section */

/* Begin PBXResourcesBuildPhase section */
		A75D94652C4DFE3500C23768 /* Resources */ = {
			isa = PBXResourcesBuildPhase;
			buildActionMask = 2147483647;
			files = (
				A75D95F82C63042800C23768 /* about.html in Resources */,
				A75D94742C4DFE3500C23768 /* Assets.xcassets in Resources */,
				A75D950A2C54C99500C23768 /* audienceApplauding.mp3 in Resources */,
				A75D95092C54C99500C23768 /* move.mp3 in Resources */,
				A75D952C2C59CE2900C23768 /* typical-trap-loop.mp3 in Resources */,
				A75D950D2C54C99500C23768 /* levelUp.mp3 in Resources */,
				A75D952A2C59CBC600C23768 /* advertising-logo.mp3 in Resources */,
				A75D94772C4DFE3500C23768 /* Base in Resources */,
				A75D95282C59C33100C23768 /* game-over-arcade.mp3 in Resources */,
				A75D950B2C54C99500C23768 /* collectCoin.wav in Resources */,
				A75D94C62C4FACF700C23768 /* default-game-config.json in Resources */,
				A75D94722C4DFE3500C23768 /* Base in Resources */,
			);
			runOnlyForDeploymentPostprocessing = 0;
		};
		A75D947B2C4DFE3600C23768 /* Resources */ = {
			isa = PBXResourcesBuildPhase;
			buildActionMask = 2147483647;
			files = (
			);
			runOnlyForDeploymentPostprocessing = 0;
		};
		A75D94852C4DFE3600C23768 /* Resources */ = {
			isa = PBXResourcesBuildPhase;
			buildActionMask = 2147483647;
			files = (
			);
			runOnlyForDeploymentPostprocessing = 0;
		};
		A75D95672C5A66FE00C23768 /* Resources */ = {
			isa = PBXResourcesBuildPhase;
			buildActionMask = 2147483647;
			files = (
				A75D95F92C63042800C23768 /* about.html in Resources */,
				A75D959B2C5A82A300C23768 /* default-game-config-dev.json in Resources */,
				A75D95682C5A66FE00C23768 /* Assets.xcassets in Resources */,
				A75D95692C5A66FE00C23768 /* audienceApplauding.mp3 in Resources */,
				A75D956A2C5A66FE00C23768 /* move.mp3 in Resources */,
				A75D956B2C5A66FE00C23768 /* typical-trap-loop.mp3 in Resources */,
				A75D956C2C5A66FE00C23768 /* levelUp.mp3 in Resources */,
				A75D956D2C5A66FE00C23768 /* advertising-logo.mp3 in Resources */,
				A75D956E2C5A66FE00C23768 /* Base in Resources */,
				A75D956F2C5A66FE00C23768 /* game-over-arcade.mp3 in Resources */,
				A75D95702C5A66FE00C23768 /* collectCoin.wav in Resources */,
				A75D95722C5A66FE00C23768 /* Base in Resources */,
			);
			runOnlyForDeploymentPostprocessing = 0;
		};
		A75D95DE2C5C580500C23768 /* Resources */ = {
			isa = PBXResourcesBuildPhase;
			buildActionMask = 2147483647;
			files = (
				A75D95FA2C63042800C23768 /* about.html in Resources */,
				A75D95DF2C5C580500C23768 /* Assets.xcassets in Resources */,
				A75D95E02C5C580500C23768 /* audienceApplauding.mp3 in Resources */,
				A75D95E12C5C580500C23768 /* move.mp3 in Resources */,
				A75D95E22C5C580500C23768 /* typical-trap-loop.mp3 in Resources */,
				A75D95E32C5C580500C23768 /* levelUp.mp3 in Resources */,
				A75D95E42C5C580500C23768 /* advertising-logo.mp3 in Resources */,
				A75D95E52C5C580500C23768 /* Base in Resources */,
				A75D95E62C5C580500C23768 /* game-over-arcade.mp3 in Resources */,
				A75D95E72C5C580500C23768 /* collectCoin.wav in Resources */,
				A75D95E82C5C580500C23768 /* default-game-config.json in Resources */,
				A75D95E92C5C580500C23768 /* Base in Resources */,
			);
			runOnlyForDeploymentPostprocessing = 0;
		};
/* End PBXResourcesBuildPhase section */

/* Begin PBXSourcesBuildPhase section */
		A75D94632C4DFE3500C23768 /* Sources */ = {
			isa = PBXSourcesBuildPhase;
			buildActionMask = 2147483647;
			files = (
				A75D94B62C4F85EB00C23768 /* SNKButton.swift in Sources */,
				A75D95032C54C6E100C23768 /* WSRSoundPlayer+SNK.swift in Sources */,
				A75D94D72C4FDD6700C23768 /* SNKCollectionViewCell.swift in Sources */,
				A75D94F22C50A42500C23768 /* SNKSnake.swift in Sources */,
				A75D94D32C4FD14F00C23768 /* SNKAboutViewController.swift in Sources */,
				A75D94A82C4E488E00C23768 /* SNKHomeViewModel.swift in Sources */,
				A75D94F62C512C0200C23768 /* SNKTileView.swift in Sources */,
				A75D94D12C4FD13D00C23768 /* SNKLeaderboardViewController.swift in Sources */,
				A75D94DA2C4FDE7000C23768 /* SNKLeaderboardCollectionViewCell.swift in Sources */,
				A75D95222C5864E200C23768 /* SNKMapBasedGameplay.swift in Sources */,
				A75D94E72C507D9200C23768 /* SNKSnakeGameViewController.swift in Sources */,
				A75D95202C5864B000C23768 /* SNKCasualGameplay.swift in Sources */,
				A75D94ED2C509F8F00C23768 /* SNKGrid.swift in Sources */,
				A75D94E92C507DA800C23768 /* SNKSnakeGameViewModel.swift in Sources */,
				A75D94AE2C4E4B0F00C23768 /* SNKHomeCoordinator.swift in Sources */,
				A75D95A02C5BA72700C23768 /* SNKUserGameProgress.swift in Sources */,
				A75D94AC2C4E494C00C23768 /* SNKHomeViewController.swift in Sources */,
				A75D94AA2C4E48FA00C23768 /* SNKViewController.swift in Sources */,
				A75D95162C57210D00C23768 /* SNKTimerProgressBar.swift in Sources */,
				A75D94D52C4FD85100C23768 /* SNKLeaderboardViewModel.swift in Sources */,
				A75D95122C56279A00C23768 /* SNKGameError.swift in Sources */,
				A75D95F42C62F71400C23768 /* SNKAboutViewModel.swift in Sources */,
				A75D946B2C4DFE3500C23768 /* AppDelegate.swift in Sources */,
				A75D94DC2C4FDFEA00C23768 /* UIView+SNK.swift in Sources */,
				A75D94F42C50D09200C23768 /* SNKGridView.swift in Sources */,
				A75D94EF2C50A2C300C23768 /* SNKSnakeGame.swift in Sources */,
				A75D951E2C57818600C23768 /* SNKGameConfiguration.swift in Sources */,
				A75D95F02C5EEF5000C23768 /* SNKImageTileView.swift in Sources */,
				A75D95252C58654400C23768 /* SNKGameplayProtocol.swift in Sources */,
				A75D94FC2C54A77700C23768 /* SNKSettingsViewModel.swift in Sources */,
				A75D94B92C4F868800C23768 /* SNKStyles.swift in Sources */,
				A75D94F82C51D6CD00C23768 /* SNKConstants.swift in Sources */,
				A75D946D2C4DFE3500C23768 /* SceneDelegate.swift in Sources */,
				A75D94CF2C4FD12300C23768 /* SNKSettingsViewController.swift in Sources */,
				A296C2E62C928475002D7CE5 /* UIFont+SNK.swift in Sources */,
			);
			runOnlyForDeploymentPostprocessing = 0;
		};
		A75D94792C4DFE3600C23768 /* Sources */ = {
			isa = PBXSourcesBuildPhase;
			buildActionMask = 2147483647;
			files = (
				A75D94822C4DFE3600C23768 /* UISnakeGameTests.swift in Sources */,
			);
			runOnlyForDeploymentPostprocessing = 0;
		};
		A75D94832C4DFE3600C23768 /* Sources */ = {
			isa = PBXSourcesBuildPhase;
			buildActionMask = 2147483647;
			files = (
				A75D948C2C4DFE3600C23768 /* UISnakeGameUITests.swift in Sources */,
				A75D948E2C4DFE3600C23768 /* UISnakeGameUITestsLaunchTests.swift in Sources */,
			);
			runOnlyForDeploymentPostprocessing = 0;
		};
		A75D95322C5A66FE00C23768 /* Sources */ = {
			isa = PBXSourcesBuildPhase;
			buildActionMask = 2147483647;
			files = (
				A75D95332C5A66FE00C23768 /* SNKButton.swift in Sources */,
				A75D95342C5A66FE00C23768 /* WSRSoundPlayer+SNK.swift in Sources */,
				A75D95352C5A66FE00C23768 /* SNKCollectionViewCell.swift in Sources */,
				A75D95362C5A66FE00C23768 /* SNKSnake.swift in Sources */,
				A75D95372C5A66FE00C23768 /* SNKAboutViewController.swift in Sources */,
				A75D95382C5A66FE00C23768 /* SNKHomeViewModel.swift in Sources */,
				A75D953A2C5A66FE00C23768 /* SNKTileView.swift in Sources */,
				A75D953B2C5A66FE00C23768 /* SNKLeaderboardViewController.swift in Sources */,
				A75D953C2C5A66FE00C23768 /* SNKLeaderboardCollectionViewCell.swift in Sources */,
				A75D95402C5A66FE00C23768 /* SNKMapBasedGameplay.swift in Sources */,
				A75D95412C5A66FE00C23768 /* SNKSnakeGameViewController.swift in Sources */,
				A75D95422C5A66FE00C23768 /* SNKCasualGameplay.swift in Sources */,
				A75D95432C5A66FE00C23768 /* SNKGrid.swift in Sources */,
				A75D95442C5A66FE00C23768 /* SNKSnakeGameViewModel.swift in Sources */,
				A75D95482C5A66FE00C23768 /* SNKHomeCoordinator.swift in Sources */,
				A75D95A12C5BC6E400C23768 /* SNKUserGameProgress.swift in Sources */,
				A75D954A2C5A66FE00C23768 /* SNKHomeViewController.swift in Sources */,
				A75D954B2C5A66FE00C23768 /* SNKViewController.swift in Sources */,
				A75D954E2C5A66FE00C23768 /* SNKTimerProgressBar.swift in Sources */,
				A75D954F2C5A66FE00C23768 /* SNKLeaderboardViewModel.swift in Sources */,
				A75D95502C5A66FE00C23768 /* SNKGameError.swift in Sources */,
				A75D95F52C62FD9100C23768 /* SNKAboutViewModel.swift in Sources */,
				A75D95542C5A66FE00C23768 /* AppDelegate.swift in Sources */,
				A75D95552C5A66FE00C23768 /* UIView+SNK.swift in Sources */,
				A75D95582C5A66FE00C23768 /* SNKGridView.swift in Sources */,
				A75D95592C5A66FE00C23768 /* SNKSnakeGame.swift in Sources */,
				A75D955A2C5A66FE00C23768 /* SNKGameConfiguration.swift in Sources */,
				A75D95F12C5EEF5000C23768 /* SNKImageTileView.swift in Sources */,
				A75D955C2C5A66FE00C23768 /* SNKGameplayProtocol.swift in Sources */,
				A75D955E2C5A66FE00C23768 /* SNKSettingsViewModel.swift in Sources */,
				A75D955F2C5A66FE00C23768 /* SNKStyles.swift in Sources */,
				A75D95602C5A66FE00C23768 /* SNKConstants.swift in Sources */,
				A75D95612C5A66FE00C23768 /* SceneDelegate.swift in Sources */,
				A75D95622C5A66FE00C23768 /* SNKSettingsViewController.swift in Sources */,
				A296C2E72C9284E6002D7CE5 /* UIFont+SNK.swift in Sources */,
			);
			runOnlyForDeploymentPostprocessing = 0;
		};
		A75D95A72C5C580500C23768 /* Sources */ = {
			isa = PBXSourcesBuildPhase;
			buildActionMask = 2147483647;
			files = (
				A75D95A82C5C580500C23768 /* SNKButton.swift in Sources */,
				A75D95A92C5C580500C23768 /* WSRSoundPlayer+SNK.swift in Sources */,
				A75D95AA2C5C580500C23768 /* SNKCollectionViewCell.swift in Sources */,
				A75D95AB2C5C580500C23768 /* SNKSnake.swift in Sources */,
				A75D95AC2C5C580500C23768 /* SNKAboutViewController.swift in Sources */,
				A75D95AD2C5C580500C23768 /* SNKHomeViewModel.swift in Sources */,
				A75D95AF2C5C580500C23768 /* SNKTileView.swift in Sources */,
				A75D95B02C5C580500C23768 /* SNKLeaderboardViewController.swift in Sources */,
				A75D95B12C5C580500C23768 /* SNKLeaderboardCollectionViewCell.swift in Sources */,
				A75D95B52C5C580500C23768 /* SNKMapBasedGameplay.swift in Sources */,
				A75D95B62C5C580500C23768 /* SNKSnakeGameViewController.swift in Sources */,
				A75D95B72C5C580500C23768 /* SNKCasualGameplay.swift in Sources */,
				A75D95B82C5C580500C23768 /* SNKGrid.swift in Sources */,
				A75D95B92C5C580500C23768 /* SNKSnakeGameViewModel.swift in Sources */,
				A75D95BD2C5C580500C23768 /* SNKHomeCoordinator.swift in Sources */,
				A75D95BE2C5C580500C23768 /* SNKUserGameProgress.swift in Sources */,
				A75D95C02C5C580500C23768 /* SNKHomeViewController.swift in Sources */,
				A75D95C12C5C580500C23768 /* SNKViewController.swift in Sources */,
				A75D95C42C5C580500C23768 /* SNKTimerProgressBar.swift in Sources */,
				A75D95C52C5C580500C23768 /* SNKLeaderboardViewModel.swift in Sources */,
				A75D95C62C5C580500C23768 /* SNKGameError.swift in Sources */,
				A75D95F62C62FD9200C23768 /* SNKAboutViewModel.swift in Sources */,
				A75D95CA2C5C580500C23768 /* AppDelegate.swift in Sources */,
				A75D95CB2C5C580500C23768 /* UIView+SNK.swift in Sources */,
				A75D95CE2C5C580500C23768 /* SNKGridView.swift in Sources */,
				A75D95CF2C5C580500C23768 /* SNKSnakeGame.swift in Sources */,
				A75D95D02C5C580500C23768 /* SNKGameConfiguration.swift in Sources */,
				A75D95F22C5EEF5000C23768 /* SNKImageTileView.swift in Sources */,
				A75D95D22C5C580500C23768 /* SNKGameplayProtocol.swift in Sources */,
				A75D95D52C5C580500C23768 /* SNKSettingsViewModel.swift in Sources */,
				A75D95D62C5C580500C23768 /* SNKStyles.swift in Sources */,
				A75D95D72C5C580500C23768 /* SNKConstants.swift in Sources */,
				A75D95D82C5C580500C23768 /* SceneDelegate.swift in Sources */,
				A75D95D92C5C580500C23768 /* SNKSettingsViewController.swift in Sources */,
				A296C2E82C9284E7002D7CE5 /* UIFont+SNK.swift in Sources */,
			);
			runOnlyForDeploymentPostprocessing = 0;
		};
/* End PBXSourcesBuildPhase section */

/* Begin PBXTargetDependency section */
		A75D947F2C4DFE3600C23768 /* PBXTargetDependency */ = {
			isa = PBXTargetDependency;
			target = A75D94662C4DFE3500C23768 /* UISnakeGame */;
			targetProxy = A75D947E2C4DFE3600C23768 /* PBXContainerItemProxy */;
		};
		A75D94892C4DFE3600C23768 /* PBXTargetDependency */ = {
			isa = PBXTargetDependency;
			target = A75D94662C4DFE3500C23768 /* UISnakeGame */;
			targetProxy = A75D94882C4DFE3600C23768 /* PBXContainerItemProxy */;
		};
/* End PBXTargetDependency section */

/* Begin PBXVariantGroup section */
		A75D94702C4DFE3500C23768 /* Main.storyboard */ = {
			isa = PBXVariantGroup;
			children = (
				A75D94712C4DFE3500C23768 /* Base */,
			);
			name = Main.storyboard;
			sourceTree = "<group>";
		};
		A75D94752C4DFE3500C23768 /* LaunchScreen.storyboard */ = {
			isa = PBXVariantGroup;
			children = (
				A75D94762C4DFE3500C23768 /* Base */,
			);
			name = LaunchScreen.storyboard;
			sourceTree = "<group>";
		};
/* End PBXVariantGroup section */

/* Begin XCBuildConfiguration section */
		A75D948F2C4DFE3600C23768 /* Debug */ = {
			isa = XCBuildConfiguration;
			buildSettings = {
				ALWAYS_SEARCH_USER_PATHS = NO;
				ASSETCATALOG_COMPILER_GENERATE_SWIFT_ASSET_SYMBOL_EXTENSIONS = YES;
				CLANG_ANALYZER_NONNULL = YES;
				CLANG_ANALYZER_NUMBER_OBJECT_CONVERSION = YES_AGGRESSIVE;
				CLANG_CXX_LANGUAGE_STANDARD = "gnu++20";
				CLANG_ENABLE_MODULES = YES;
				CLANG_ENABLE_OBJC_ARC = YES;
				CLANG_ENABLE_OBJC_WEAK = YES;
				CLANG_WARN_BLOCK_CAPTURE_AUTORELEASING = YES;
				CLANG_WARN_BOOL_CONVERSION = YES;
				CLANG_WARN_COMMA = YES;
				CLANG_WARN_CONSTANT_CONVERSION = YES;
				CLANG_WARN_DEPRECATED_OBJC_IMPLEMENTATIONS = YES;
				CLANG_WARN_DIRECT_OBJC_ISA_USAGE = YES_ERROR;
				CLANG_WARN_DOCUMENTATION_COMMENTS = YES;
				CLANG_WARN_EMPTY_BODY = YES;
				CLANG_WARN_ENUM_CONVERSION = YES;
				CLANG_WARN_INFINITE_RECURSION = YES;
				CLANG_WARN_INT_CONVERSION = YES;
				CLANG_WARN_NON_LITERAL_NULL_CONVERSION = YES;
				CLANG_WARN_OBJC_IMPLICIT_RETAIN_SELF = YES;
				CLANG_WARN_OBJC_LITERAL_CONVERSION = YES;
				CLANG_WARN_OBJC_ROOT_CLASS = YES_ERROR;
				CLANG_WARN_QUOTED_INCLUDE_IN_FRAMEWORK_HEADER = YES;
				CLANG_WARN_RANGE_LOOP_ANALYSIS = YES;
				CLANG_WARN_STRICT_PROTOTYPES = YES;
				CLANG_WARN_SUSPICIOUS_MOVE = YES;
				CLANG_WARN_UNGUARDED_AVAILABILITY = YES_AGGRESSIVE;
				CLANG_WARN_UNREACHABLE_CODE = YES;
				CLANG_WARN__DUPLICATE_METHOD_MATCH = YES;
				COPY_PHASE_STRIP = NO;
				DEBUG_INFORMATION_FORMAT = dwarf;
				ENABLE_STRICT_OBJC_MSGSEND = YES;
				ENABLE_TESTABILITY = YES;
				ENABLE_USER_SCRIPT_SANDBOXING = YES;
				GCC_C_LANGUAGE_STANDARD = gnu17;
				GCC_DYNAMIC_NO_PIC = NO;
				GCC_NO_COMMON_BLOCKS = YES;
				GCC_OPTIMIZATION_LEVEL = 0;
				GCC_PREPROCESSOR_DEFINITIONS = (
					"DEBUG=1",
					"$(inherited)",
				);
				GCC_WARN_64_TO_32_BIT_CONVERSION = YES;
				GCC_WARN_ABOUT_RETURN_TYPE = YES_ERROR;
				GCC_WARN_UNDECLARED_SELECTOR = YES;
				GCC_WARN_UNINITIALIZED_AUTOS = YES_AGGRESSIVE;
				GCC_WARN_UNUSED_FUNCTION = YES;
				GCC_WARN_UNUSED_VARIABLE = YES;
				IPHONEOS_DEPLOYMENT_TARGET = 17.2;
				LOCALIZATION_PREFERS_STRING_CATALOGS = YES;
				MTL_ENABLE_DEBUG_INFO = INCLUDE_SOURCE;
				MTL_FAST_MATH = YES;
				ONLY_ACTIVE_ARCH = YES;
				SDKROOT = iphoneos;
				SWIFT_ACTIVE_COMPILATION_CONDITIONS = "DEBUG $(inherited)";
				SWIFT_OPTIMIZATION_LEVEL = "-Onone";
			};
			name = Debug;
		};
		A75D94902C4DFE3600C23768 /* Release */ = {
			isa = XCBuildConfiguration;
			buildSettings = {
				ALWAYS_SEARCH_USER_PATHS = NO;
				ASSETCATALOG_COMPILER_GENERATE_SWIFT_ASSET_SYMBOL_EXTENSIONS = YES;
				CLANG_ANALYZER_NONNULL = YES;
				CLANG_ANALYZER_NUMBER_OBJECT_CONVERSION = YES_AGGRESSIVE;
				CLANG_CXX_LANGUAGE_STANDARD = "gnu++20";
				CLANG_ENABLE_MODULES = YES;
				CLANG_ENABLE_OBJC_ARC = YES;
				CLANG_ENABLE_OBJC_WEAK = YES;
				CLANG_WARN_BLOCK_CAPTURE_AUTORELEASING = YES;
				CLANG_WARN_BOOL_CONVERSION = YES;
				CLANG_WARN_COMMA = YES;
				CLANG_WARN_CONSTANT_CONVERSION = YES;
				CLANG_WARN_DEPRECATED_OBJC_IMPLEMENTATIONS = YES;
				CLANG_WARN_DIRECT_OBJC_ISA_USAGE = YES_ERROR;
				CLANG_WARN_DOCUMENTATION_COMMENTS = YES;
				CLANG_WARN_EMPTY_BODY = YES;
				CLANG_WARN_ENUM_CONVERSION = YES;
				CLANG_WARN_INFINITE_RECURSION = YES;
				CLANG_WARN_INT_CONVERSION = YES;
				CLANG_WARN_NON_LITERAL_NULL_CONVERSION = YES;
				CLANG_WARN_OBJC_IMPLICIT_RETAIN_SELF = YES;
				CLANG_WARN_OBJC_LITERAL_CONVERSION = YES;
				CLANG_WARN_OBJC_ROOT_CLASS = YES_ERROR;
				CLANG_WARN_QUOTED_INCLUDE_IN_FRAMEWORK_HEADER = YES;
				CLANG_WARN_RANGE_LOOP_ANALYSIS = YES;
				CLANG_WARN_STRICT_PROTOTYPES = YES;
				CLANG_WARN_SUSPICIOUS_MOVE = YES;
				CLANG_WARN_UNGUARDED_AVAILABILITY = YES_AGGRESSIVE;
				CLANG_WARN_UNREACHABLE_CODE = YES;
				CLANG_WARN__DUPLICATE_METHOD_MATCH = YES;
				COPY_PHASE_STRIP = NO;
				DEBUG_INFORMATION_FORMAT = "dwarf-with-dsym";
				ENABLE_NS_ASSERTIONS = NO;
				ENABLE_STRICT_OBJC_MSGSEND = YES;
				ENABLE_USER_SCRIPT_SANDBOXING = YES;
				GCC_C_LANGUAGE_STANDARD = gnu17;
				GCC_NO_COMMON_BLOCKS = YES;
				GCC_WARN_64_TO_32_BIT_CONVERSION = YES;
				GCC_WARN_ABOUT_RETURN_TYPE = YES_ERROR;
				GCC_WARN_UNDECLARED_SELECTOR = YES;
				GCC_WARN_UNINITIALIZED_AUTOS = YES_AGGRESSIVE;
				GCC_WARN_UNUSED_FUNCTION = YES;
				GCC_WARN_UNUSED_VARIABLE = YES;
				IPHONEOS_DEPLOYMENT_TARGET = 17.2;
				LOCALIZATION_PREFERS_STRING_CATALOGS = YES;
				MTL_ENABLE_DEBUG_INFO = NO;
				MTL_FAST_MATH = YES;
				SDKROOT = iphoneos;
				SWIFT_COMPILATION_MODE = wholemodule;
				VALIDATE_PRODUCT = YES;
			};
			name = Release;
		};
		A75D94922C4DFE3600C23768 /* Debug */ = {
			isa = XCBuildConfiguration;
			buildSettings = {
				ASSETCATALOG_COMPILER_APPICON_NAME = AppIcon;
				ASSETCATALOG_COMPILER_GLOBAL_ACCENT_COLOR_NAME = AccentColor;
				CODE_SIGN_STYLE = Automatic;
				CURRENT_PROJECT_VERSION = 1;
				DEVELOPMENT_TEAM = "";
				GENERATE_INFOPLIST_FILE = YES;
				INFOPLIST_FILE = UISnakeGame/Info.plist;
				INFOPLIST_KEY_CFBundleDisplayName = SSnake;
				INFOPLIST_KEY_LSApplicationCategoryType = "public.app-category.games";
				INFOPLIST_KEY_UIApplicationSupportsIndirectInputEvents = YES;
				INFOPLIST_KEY_UILaunchStoryboardName = LaunchScreen;
				INFOPLIST_KEY_UIMainStoryboardFile = Main;
				INFOPLIST_KEY_UISupportedInterfaceOrientations_iPad = "UIInterfaceOrientationPortrait UIInterfaceOrientationPortraitUpsideDown UIInterfaceOrientationLandscapeLeft UIInterfaceOrientationLandscapeRight";
				INFOPLIST_KEY_UISupportedInterfaceOrientations_iPhone = "UIInterfaceOrientationPortrait UIInterfaceOrientationLandscapeLeft UIInterfaceOrientationLandscapeRight";
				IPHONEOS_DEPLOYMENT_TARGET = 17.2;
				LD_RUNPATH_SEARCH_PATHS = (
					"$(inherited)",
					"@executable_path/Frameworks",
				);
				MARKETING_VERSION = 1.0;
				PRODUCT_BUNDLE_IDENTIFIER = com.wsr.UISnakeGame;
				PRODUCT_NAME = "$(TARGET_NAME)";
				SWIFT_EMIT_LOC_STRINGS = YES;
				SWIFT_VERSION = 5.0;
				TARGETED_DEVICE_FAMILY = "1,2";
			};
			name = Debug;
		};
		A75D94932C4DFE3600C23768 /* Release */ = {
			isa = XCBuildConfiguration;
			buildSettings = {
				ASSETCATALOG_COMPILER_APPICON_NAME = AppIcon;
				ASSETCATALOG_COMPILER_GLOBAL_ACCENT_COLOR_NAME = AccentColor;
				CODE_SIGN_STYLE = Automatic;
				CURRENT_PROJECT_VERSION = 1;
				DEVELOPMENT_TEAM = "";
				GENERATE_INFOPLIST_FILE = YES;
				INFOPLIST_FILE = UISnakeGame/Info.plist;
				INFOPLIST_KEY_CFBundleDisplayName = SSnake;
				INFOPLIST_KEY_LSApplicationCategoryType = "public.app-category.games";
				INFOPLIST_KEY_UIApplicationSupportsIndirectInputEvents = YES;
				INFOPLIST_KEY_UILaunchStoryboardName = LaunchScreen;
				INFOPLIST_KEY_UIMainStoryboardFile = Main;
				INFOPLIST_KEY_UISupportedInterfaceOrientations_iPad = "UIInterfaceOrientationPortrait UIInterfaceOrientationPortraitUpsideDown UIInterfaceOrientationLandscapeLeft UIInterfaceOrientationLandscapeRight";
				INFOPLIST_KEY_UISupportedInterfaceOrientations_iPhone = "UIInterfaceOrientationPortrait UIInterfaceOrientationLandscapeLeft UIInterfaceOrientationLandscapeRight";
				IPHONEOS_DEPLOYMENT_TARGET = 17.2;
				LD_RUNPATH_SEARCH_PATHS = (
					"$(inherited)",
					"@executable_path/Frameworks",
				);
				MARKETING_VERSION = 1.0;
				PRODUCT_BUNDLE_IDENTIFIER = com.wsr.UISnakeGame;
				PRODUCT_NAME = "$(TARGET_NAME)";
				SWIFT_EMIT_LOC_STRINGS = YES;
				SWIFT_VERSION = 5.0;
				TARGETED_DEVICE_FAMILY = "1,2";
			};
			name = Release;
		};
		A75D94952C4DFE3600C23768 /* Debug */ = {
			isa = XCBuildConfiguration;
			buildSettings = {
				ALWAYS_EMBED_SWIFT_STANDARD_LIBRARIES = YES;
				BUNDLE_LOADER = "$(TEST_HOST)";
				CODE_SIGN_STYLE = Automatic;
				CURRENT_PROJECT_VERSION = 1;
				GENERATE_INFOPLIST_FILE = YES;
				IPHONEOS_DEPLOYMENT_TARGET = 17.2;
				MARKETING_VERSION = 1.0;
				PRODUCT_BUNDLE_IDENTIFIER = com.wsr.UISnakeGameTests;
				PRODUCT_NAME = "$(TARGET_NAME)";
				SWIFT_EMIT_LOC_STRINGS = NO;
				SWIFT_VERSION = 5.0;
				TARGETED_DEVICE_FAMILY = "1,2";
				TEST_HOST = "$(BUILT_PRODUCTS_DIR)/UISnakeGame.app/$(BUNDLE_EXECUTABLE_FOLDER_PATH)/UISnakeGame";
			};
			name = Debug;
		};
		A75D94962C4DFE3600C23768 /* Release */ = {
			isa = XCBuildConfiguration;
			buildSettings = {
				ALWAYS_EMBED_SWIFT_STANDARD_LIBRARIES = YES;
				BUNDLE_LOADER = "$(TEST_HOST)";
				CODE_SIGN_STYLE = Automatic;
				CURRENT_PROJECT_VERSION = 1;
				GENERATE_INFOPLIST_FILE = YES;
				IPHONEOS_DEPLOYMENT_TARGET = 17.2;
				MARKETING_VERSION = 1.0;
				PRODUCT_BUNDLE_IDENTIFIER = com.wsr.UISnakeGameTests;
				PRODUCT_NAME = "$(TARGET_NAME)";
				SWIFT_EMIT_LOC_STRINGS = NO;
				SWIFT_VERSION = 5.0;
				TARGETED_DEVICE_FAMILY = "1,2";
				TEST_HOST = "$(BUILT_PRODUCTS_DIR)/UISnakeGame.app/$(BUNDLE_EXECUTABLE_FOLDER_PATH)/UISnakeGame";
			};
			name = Release;
		};
		A75D94982C4DFE3600C23768 /* Debug */ = {
			isa = XCBuildConfiguration;
			buildSettings = {
				ALWAYS_EMBED_SWIFT_STANDARD_LIBRARIES = YES;
				CODE_SIGN_STYLE = Automatic;
				CURRENT_PROJECT_VERSION = 1;
				GENERATE_INFOPLIST_FILE = YES;
				MARKETING_VERSION = 1.0;
				PRODUCT_BUNDLE_IDENTIFIER = com.wsr.UISnakeGameUITests;
				PRODUCT_NAME = "$(TARGET_NAME)";
				SWIFT_EMIT_LOC_STRINGS = NO;
				SWIFT_VERSION = 5.0;
				TARGETED_DEVICE_FAMILY = "1,2";
				TEST_TARGET_NAME = UISnakeGame;
			};
			name = Debug;
		};
		A75D94992C4DFE3600C23768 /* Release */ = {
			isa = XCBuildConfiguration;
			buildSettings = {
				ALWAYS_EMBED_SWIFT_STANDARD_LIBRARIES = YES;
				CODE_SIGN_STYLE = Automatic;
				CURRENT_PROJECT_VERSION = 1;
				GENERATE_INFOPLIST_FILE = YES;
				MARKETING_VERSION = 1.0;
				PRODUCT_BUNDLE_IDENTIFIER = com.wsr.UISnakeGameUITests;
				PRODUCT_NAME = "$(TARGET_NAME)";
				SWIFT_EMIT_LOC_STRINGS = NO;
				SWIFT_VERSION = 5.0;
				TARGETED_DEVICE_FAMILY = "1,2";
				TEST_TARGET_NAME = UISnakeGame;
			};
			name = Release;
		};
		A75D95742C5A66FE00C23768 /* Debug */ = {
			isa = XCBuildConfiguration;
			buildSettings = {
				ASSETCATALOG_COMPILER_APPICON_NAME = AppIcon;
				ASSETCATALOG_COMPILER_GLOBAL_ACCENT_COLOR_NAME = AccentColor;
				CODE_SIGN_IDENTITY = "Apple Development";
				CODE_SIGN_STYLE = Automatic;
				CURRENT_PROJECT_VERSION = 1;
				DEVELOPMENT_TEAM = "";
				GENERATE_INFOPLIST_FILE = YES;
				INFOPLIST_FILE = "DEV-Info.plist";
				INFOPLIST_KEY_CFBundleDisplayName = "SSnake (DEV)";
				INFOPLIST_KEY_LSApplicationCategoryType = "public.app-category.games";
				INFOPLIST_KEY_UIApplicationSupportsIndirectInputEvents = YES;
				INFOPLIST_KEY_UILaunchStoryboardName = LaunchScreen;
				INFOPLIST_KEY_UIMainStoryboardFile = Main;
				INFOPLIST_KEY_UISupportedInterfaceOrientations = "UIInterfaceOrientationLandscapeLeft UIInterfaceOrientationLandscapeRight UIInterfaceOrientationPortrait";
				INFOPLIST_KEY_UISupportedInterfaceOrientations_iPad = "UIInterfaceOrientationLandscapeLeft UIInterfaceOrientationLandscapeRight UIInterfaceOrientationPortrait UIInterfaceOrientationPortraitUpsideDown";
				IPHONEOS_DEPLOYMENT_TARGET = 17.2;
				LD_RUNPATH_SEARCH_PATHS = (
					"$(inherited)",
					"@executable_path/Frameworks",
				);
				MARKETING_VERSION = 1.0;
				OTHER_SWIFT_FLAGS = "-DDEV";
				PRODUCT_BUNDLE_IDENTIFIER = "com.wsr.UISnakeGame-DEV";
				PRODUCT_NAME = "$(TARGET_NAME)";
				PROVISIONING_PROFILE_SPECIFIER = "";
				SWIFT_EMIT_LOC_STRINGS = YES;
				SWIFT_VERSION = 5.0;
				TARGETED_DEVICE_FAMILY = "1,2";
			};
			name = Debug;
		};
		A75D95752C5A66FE00C23768 /* Release */ = {
			isa = XCBuildConfiguration;
			buildSettings = {
				ASSETCATALOG_COMPILER_APPICON_NAME = AppIcon;
				ASSETCATALOG_COMPILER_GLOBAL_ACCENT_COLOR_NAME = AccentColor;
				CODE_SIGN_IDENTITY = "Apple Development";
				CODE_SIGN_STYLE = Automatic;
				CURRENT_PROJECT_VERSION = 1;
				DEVELOPMENT_TEAM = "";
				GENERATE_INFOPLIST_FILE = YES;
				INFOPLIST_FILE = "DEV-Info.plist";
				INFOPLIST_KEY_CFBundleDisplayName = "SSnake (DEV)";
				INFOPLIST_KEY_LSApplicationCategoryType = "public.app-category.games";
				INFOPLIST_KEY_UIApplicationSupportsIndirectInputEvents = YES;
				INFOPLIST_KEY_UILaunchStoryboardName = LaunchScreen;
				INFOPLIST_KEY_UIMainStoryboardFile = Main;
				INFOPLIST_KEY_UISupportedInterfaceOrientations = "UIInterfaceOrientationLandscapeLeft UIInterfaceOrientationLandscapeRight UIInterfaceOrientationPortrait";
				INFOPLIST_KEY_UISupportedInterfaceOrientations_iPad = "UIInterfaceOrientationLandscapeLeft UIInterfaceOrientationLandscapeRight UIInterfaceOrientationPortrait UIInterfaceOrientationPortraitUpsideDown";
				IPHONEOS_DEPLOYMENT_TARGET = 17.2;
				LD_RUNPATH_SEARCH_PATHS = (
					"$(inherited)",
					"@executable_path/Frameworks",
				);
				MARKETING_VERSION = 1.0;
				OTHER_SWIFT_FLAGS = "-DDEV";
				PRODUCT_BUNDLE_IDENTIFIER = "com.wsr.UISnakeGame-DEV";
				PRODUCT_NAME = "$(TARGET_NAME)";
				PROVISIONING_PROFILE_SPECIFIER = "";
				SWIFT_EMIT_LOC_STRINGS = YES;
				SWIFT_VERSION = 5.0;
				TARGETED_DEVICE_FAMILY = "1,2";
			};
			name = Release;
		};
		A75D95EB2C5C580500C23768 /* Debug */ = {
			isa = XCBuildConfiguration;
			buildSettings = {
				ASSETCATALOG_COMPILER_APPICON_NAME = AppIcon;
				ASSETCATALOG_COMPILER_GLOBAL_ACCENT_COLOR_NAME = AccentColor;
				CODE_SIGN_STYLE = Automatic;
				CURRENT_PROJECT_VERSION = 1;
				DEVELOPMENT_TEAM = "";
				GENERATE_INFOPLIST_FILE = YES;
				INFOPLIST_FILE = "TEST-Info.plist";
				INFOPLIST_KEY_CFBundleDisplayName = "SSnake (TEST)";
				INFOPLIST_KEY_LSApplicationCategoryType = "public.app-category.games";
				INFOPLIST_KEY_UIApplicationSupportsIndirectInputEvents = YES;
				INFOPLIST_KEY_UILaunchStoryboardName = LaunchScreen;
				INFOPLIST_KEY_UIMainStoryboardFile = Main;
				INFOPLIST_KEY_UISupportedInterfaceOrientations_iPad = "UIInterfaceOrientationPortrait UIInterfaceOrientationPortraitUpsideDown UIInterfaceOrientationLandscapeLeft UIInterfaceOrientationLandscapeRight";
				INFOPLIST_KEY_UISupportedInterfaceOrientations_iPhone = "UIInterfaceOrientationPortrait UIInterfaceOrientationLandscapeLeft UIInterfaceOrientationLandscapeRight";
				IPHONEOS_DEPLOYMENT_TARGET = 17.2;
				LD_RUNPATH_SEARCH_PATHS = (
					"$(inherited)",
					"@executable_path/Frameworks",
				);
				MARKETING_VERSION = 1.0;
				OTHER_SWIFT_FLAGS = "-DTEST";
				PRODUCT_BUNDLE_IDENTIFIER = "com.wsr.UISnakeGame-TEST";
				PRODUCT_NAME = "$(TARGET_NAME)";
				SWIFT_EMIT_LOC_STRINGS = YES;
				SWIFT_VERSION = 5.0;
				TARGETED_DEVICE_FAMILY = "1,2";
			};
			name = Debug;
		};
		A75D95EC2C5C580500C23768 /* Release */ = {
			isa = XCBuildConfiguration;
			buildSettings = {
				ASSETCATALOG_COMPILER_APPICON_NAME = AppIcon;
				ASSETCATALOG_COMPILER_GLOBAL_ACCENT_COLOR_NAME = AccentColor;
				CODE_SIGN_STYLE = Automatic;
				CURRENT_PROJECT_VERSION = 1;
				DEVELOPMENT_TEAM = "";
				GENERATE_INFOPLIST_FILE = YES;
				INFOPLIST_FILE = "TEST-Info.plist";
				INFOPLIST_KEY_CFBundleDisplayName = "SSnake (TEST)";
				INFOPLIST_KEY_LSApplicationCategoryType = "public.app-category.games";
				INFOPLIST_KEY_UIApplicationSupportsIndirectInputEvents = YES;
				INFOPLIST_KEY_UILaunchStoryboardName = LaunchScreen;
				INFOPLIST_KEY_UIMainStoryboardFile = Main;
				INFOPLIST_KEY_UISupportedInterfaceOrientations_iPad = "UIInterfaceOrientationPortrait UIInterfaceOrientationPortraitUpsideDown UIInterfaceOrientationLandscapeLeft UIInterfaceOrientationLandscapeRight";
				INFOPLIST_KEY_UISupportedInterfaceOrientations_iPhone = "UIInterfaceOrientationPortrait UIInterfaceOrientationLandscapeLeft UIInterfaceOrientationLandscapeRight";
				IPHONEOS_DEPLOYMENT_TARGET = 17.2;
				LD_RUNPATH_SEARCH_PATHS = (
					"$(inherited)",
					"@executable_path/Frameworks",
				);
				MARKETING_VERSION = 1.0;
				OTHER_SWIFT_FLAGS = "-DTEST";
				PRODUCT_BUNDLE_IDENTIFIER = "com.wsr.UISnakeGame-TEST";
				PRODUCT_NAME = "$(TARGET_NAME)";
				SWIFT_EMIT_LOC_STRINGS = YES;
				SWIFT_VERSION = 5.0;
				TARGETED_DEVICE_FAMILY = "1,2";
			};
			name = Release;
		};
/* End XCBuildConfiguration section */

/* Begin XCConfigurationList section */
		A75D94622C4DFE3500C23768 /* Build configuration list for PBXProject "UISnakeGame" */ = {
			isa = XCConfigurationList;
			buildConfigurations = (
				A75D948F2C4DFE3600C23768 /* Debug */,
				A75D94902C4DFE3600C23768 /* Release */,
			);
			defaultConfigurationIsVisible = 0;
			defaultConfigurationName = Release;
		};
		A75D94912C4DFE3600C23768 /* Build configuration list for PBXNativeTarget "UISnakeGame" */ = {
			isa = XCConfigurationList;
			buildConfigurations = (
				A75D94922C4DFE3600C23768 /* Debug */,
				A75D94932C4DFE3600C23768 /* Release */,
			);
			defaultConfigurationIsVisible = 0;
			defaultConfigurationName = Release;
		};
		A75D94942C4DFE3600C23768 /* Build configuration list for PBXNativeTarget "UISnakeGameTests" */ = {
			isa = XCConfigurationList;
			buildConfigurations = (
				A75D94952C4DFE3600C23768 /* Debug */,
				A75D94962C4DFE3600C23768 /* Release */,
			);
			defaultConfigurationIsVisible = 0;
			defaultConfigurationName = Release;
		};
		A75D94972C4DFE3600C23768 /* Build configuration list for PBXNativeTarget "UISnakeGameUITests" */ = {
			isa = XCConfigurationList;
			buildConfigurations = (
				A75D94982C4DFE3600C23768 /* Debug */,
				A75D94992C4DFE3600C23768 /* Release */,
			);
			defaultConfigurationIsVisible = 0;
			defaultConfigurationName = Release;
		};
		A75D95732C5A66FE00C23768 /* Build configuration list for PBXNativeTarget "UISnakeGame_DEV" */ = {
			isa = XCConfigurationList;
			buildConfigurations = (
				A75D95742C5A66FE00C23768 /* Debug */,
				A75D95752C5A66FE00C23768 /* Release */,
			);
			defaultConfigurationIsVisible = 0;
			defaultConfigurationName = Release;
		};
		A75D95EA2C5C580500C23768 /* Build configuration list for PBXNativeTarget "UISnakeGame_TEST" */ = {
			isa = XCConfigurationList;
			buildConfigurations = (
				A75D95EB2C5C580500C23768 /* Debug */,
				A75D95EC2C5C580500C23768 /* Release */,
			);
			defaultConfigurationIsVisible = 0;
			defaultConfigurationName = Release;
		};
/* End XCConfigurationList section */

/* Begin XCRemoteSwiftPackageReference section */
		A24BA3912C869A7D00266DFF /* XCRemoteSwiftPackageReference "SuperEasyLayout" */ = {
			isa = XCRemoteSwiftPackageReference;
			repositoryURL = "https://github.com/doil6317/SuperEasyLayout.git";
			requirement = {
				kind = upToNextMajorVersion;
				minimumVersion = 0.3.0;
			};
		};
		A24BA3942C869AAA00266DFF /* XCRemoteSwiftPackageReference "Eureka" */ = {
			isa = XCRemoteSwiftPackageReference;
			repositoryURL = "https://github.com/xmartlabs/Eureka.git";
			requirement = {
				kind = upToNextMajorVersion;
				minimumVersion = 5.5.0;
			};
		};
		A296C2DE2C927B8D002D7CE5 /* XCRemoteSwiftPackageReference "wsr" */ = {
			isa = XCRemoteSwiftPackageReference;
			repositoryURL = "https://github.com/wilyamx/wsr.git";
			requirement = {
				branch = master;
				kind = branch;
			};
		};
		A75D952F2C5A66FE00C23768 /* XCRemoteSwiftPackageReference "SuperEasyLayout" */ = {
			isa = XCRemoteSwiftPackageReference;
			repositoryURL = "https://github.com/doil6317/SuperEasyLayout.git";
			requirement = {
				kind = upToNextMajorVersion;
				minimumVersion = 0.3.0;
			};
		};
		A75D95312C5A66FE00C23768 /* XCRemoteSwiftPackageReference "Eureka" */ = {
			isa = XCRemoteSwiftPackageReference;
			repositoryURL = "https://github.com/xmartlabs/Eureka.git";
			requirement = {
				kind = upToNextMajorVersion;
				minimumVersion = 5.5.0;
			};
		};
		A75D95A42C5C580500C23768 /* XCRemoteSwiftPackageReference "SuperEasyLayout" */ = {
			isa = XCRemoteSwiftPackageReference;
			repositoryURL = "https://github.com/doil6317/SuperEasyLayout.git";
			requirement = {
				kind = upToNextMajorVersion;
				minimumVersion = 0.3.0;
			};
		};
		A75D95A62C5C580500C23768 /* XCRemoteSwiftPackageReference "Eureka" */ = {
			isa = XCRemoteSwiftPackageReference;
			repositoryURL = "https://github.com/xmartlabs/Eureka.git";
			requirement = {
				kind = upToNextMajorVersion;
				minimumVersion = 5.5.0;
			};
		};
/* End XCRemoteSwiftPackageReference section */

/* Begin XCSwiftPackageProductDependency section */
		A24BA3922C869A7D00266DFF /* SuperEasyLayout */ = {
			isa = XCSwiftPackageProductDependency;
			package = A24BA3912C869A7D00266DFF /* XCRemoteSwiftPackageReference "SuperEasyLayout" */;
			productName = SuperEasyLayout;
		};
		A24BA3952C869AAB00266DFF /* Eureka */ = {
			isa = XCSwiftPackageProductDependency;
			package = A24BA3942C869AAA00266DFF /* XCRemoteSwiftPackageReference "Eureka" */;
			productName = Eureka;
		};
		A296C2DF2C927B8D002D7CE5 /* WSRComponents */ = {
			isa = XCSwiftPackageProductDependency;
			package = A296C2DE2C927B8D002D7CE5 /* XCRemoteSwiftPackageReference "wsr" */;
			productName = WSRComponents;
		};
		A296C2E12C927B8D002D7CE5 /* WSRNetworking */ = {
			isa = XCSwiftPackageProductDependency;
			package = A296C2DE2C927B8D002D7CE5 /* XCRemoteSwiftPackageReference "wsr" */;
			productName = WSRNetworking;
		};
		A296C2E32C927B8D002D7CE5 /* WSRUtils */ = {
			isa = XCSwiftPackageProductDependency;
			package = A296C2DE2C927B8D002D7CE5 /* XCRemoteSwiftPackageReference "wsr" */;
			productName = WSRUtils;
		};
		A296C2E92C928901002D7CE5 /* WSRComponents */ = {
			isa = XCSwiftPackageProductDependency;
			package = A296C2DE2C927B8D002D7CE5 /* XCRemoteSwiftPackageReference "wsr" */;
			productName = WSRComponents;
		};
		A296C2EB2C928901002D7CE5 /* WSRNetworking */ = {
			isa = XCSwiftPackageProductDependency;
			package = A296C2DE2C927B8D002D7CE5 /* XCRemoteSwiftPackageReference "wsr" */;
			productName = WSRNetworking;
		};
		A296C2ED2C928901002D7CE5 /* WSRUtils */ = {
			isa = XCSwiftPackageProductDependency;
			package = A296C2DE2C927B8D002D7CE5 /* XCRemoteSwiftPackageReference "wsr" */;
			productName = WSRUtils;
		};
		A296C2EF2C928912002D7CE5 /* WSRComponents */ = {
			isa = XCSwiftPackageProductDependency;
			productName = WSRComponents;
		};
		A296C2F12C928912002D7CE5 /* WSRNetworking */ = {
			isa = XCSwiftPackageProductDependency;
			productName = WSRNetworking;
		};
		A296C2F32C928912002D7CE5 /* WSRUtils */ = {
			isa = XCSwiftPackageProductDependency;
			productName = WSRUtils;
		};
		A296C2F52C928EA3002D7CE5 /* WSRMedia */ = {
			isa = XCSwiftPackageProductDependency;
			productName = WSRMedia;
		};
		A296C2F92C929727002D7CE5 /* WSRCommon */ = {
			isa = XCSwiftPackageProductDependency;
			productName = WSRCommon;
		};
		A296C2FB2C929727002D7CE5 /* WSRMedia */ = {
			isa = XCSwiftPackageProductDependency;
			productName = WSRMedia;
		};
		A296C2FD2C92973D002D7CE5 /* WSRCommon */ = {
			isa = XCSwiftPackageProductDependency;
			productName = WSRCommon;
		};
		A296C2FF2C92975A002D7CE5 /* WSRCommon */ = {
			isa = XCSwiftPackageProductDependency;
			productName = WSRCommon;
		};
		A296C3012C92975A002D7CE5 /* WSRMedia */ = {
			isa = XCSwiftPackageProductDependency;
			productName = WSRMedia;
		};
		A296C3072C92B21B002D7CE5 /* WSRStorage */ = {
			isa = XCSwiftPackageProductDependency;
			productName = WSRStorage;
		};
		A296C3092C92B226002D7CE5 /* WSRStorage */ = {
			isa = XCSwiftPackageProductDependency;
			productName = WSRStorage;
		};
		A296C30B2C92B234002D7CE5 /* WSRStorage */ = {
			isa = XCSwiftPackageProductDependency;
			productName = WSRStorage;
		};
		A75D952E2C5A66FE00C23768 /* SuperEasyLayout */ = {
			isa = XCSwiftPackageProductDependency;
			package = A75D952F2C5A66FE00C23768 /* XCRemoteSwiftPackageReference "SuperEasyLayout" */;
			productName = SuperEasyLayout;
		};
		A75D95302C5A66FE00C23768 /* Eureka */ = {
			isa = XCSwiftPackageProductDependency;
			package = A75D95312C5A66FE00C23768 /* XCRemoteSwiftPackageReference "Eureka" */;
			productName = Eureka;
		};
		A75D95A32C5C580500C23768 /* SuperEasyLayout */ = {
			isa = XCSwiftPackageProductDependency;
			package = A75D95A42C5C580500C23768 /* XCRemoteSwiftPackageReference "SuperEasyLayout" */;
			productName = SuperEasyLayout;
		};
		A75D95A52C5C580500C23768 /* Eureka */ = {
			isa = XCSwiftPackageProductDependency;
			package = A75D95A62C5C580500C23768 /* XCRemoteSwiftPackageReference "Eureka" */;
			productName = Eureka;
		};
/* End XCSwiftPackageProductDependency section */
	};
	rootObject = A75D945F2C4DFE3500C23768 /* Project object */;
}
