{
  "originHash" : "b24fefea5b2f4407ec723076b1b057a330366aeae8eb814a5d76805bd603a667",
  "pins" : [
    {
      "identity" : "eureka",
      "kind" : "remoteSourceControl",
      "location" : "https://github.com/xmartlabs/Eureka.git",
      "state" : {
        "revision" : "028ef8e3191a256b8f6b8bb6b9496efcb0762dbc",
        "version" : "5.5.0"
      }
    },
    {
      "identity" : "supereasylayout",
      "kind" : "remoteSourceControl",
      "location" : "https://github.com/doil6317/SuperEasyLayout",
      "state" : {
        "revision" : "0d2a9111aa62e6f2b2a3bb70e526e5cf00e9f8f6",
        "version" : "0.3.0"
      }
    }
  ],
  "version" : 3
}
